
Microsoft Visual Studio Solution File, Format Version 12.00
# Visual Studio 15
VisualStudioVersion = 15.0.26430.14
MinimumVisualStudioVersion = 10.0.40219.1
Project("{8BC9CEB8-8B4A-11D0-8D11-00A0C91BC942}") = "BaiTap_KTLT_001", "BaiTap_KTLT_001\BaiTap_KTLT_001.vcxproj", "{F259BA3A-FEAC-4EA2-8EB9-ECEE16890BEF}"
EndProject
Project("{8BC9CEB8-8B4A-11D0-8D11-00A0C91BC942}") = "BaiTap_KTLT_002", "BaiTap_KTLT_002\BaiTap_KTLT_002.vcxproj", "{1E3E6BA2-22C1-4263-ACCB-8559DCF09599}"
EndProject
Project("{8BC9CEB8-8B4A-11D0-8D11-00A0C91BC942}") = "BaiTap_KTLT_003", "BaiTap_KTLT_003\BaiTap_KTLT_003.vcxproj", "{DDE93A9F-BF2E-45B4-A8C6-3111BC77DA31}"
EndProject
Project("{8BC9CEB8-8B4A-11D0-8D11-00A0C91BC942}") = "BaiTap_KTLT_004", "BaiTap_KTLT_004\BaiTap_KTLT_004.vcxproj", "{324A05C8-7A1B-49F9-9366-D0F9D113BE16}"
EndProject
Project("{8BC9CEB8-8B4A-11D0-8D11-00A0C91BC942}") = "BaiTap_KTLT_005", "BaiTap_KTLT_005\BaiTap_KTLT_005.vcxproj", "{372F086D-AD91-4172-8C31-1DA2C091D641}"
EndProject
Project("{8BC9CEB8-8B4A-11D0-8D11-00A0C91BC942}") = "BaiTap_KTLT_006", "BaiTap_KTLT_006\BaiTap_KTLT_006.vcxproj", "{C0BD1D13-839D-40F1-A63A-9B8E05740D36}"
EndProject
Project("{8BC9CEB8-8B4A-11D0-8D11-00A0C91BC942}") = "BaiTap_KTLT_007", "BaiTap_KTLT_007\BaiTap_KTLT_007.vcxproj", "{2E7BABCF-36DE-4262-9F14-C96EA624CF05}"
EndProject
Project("{8BC9CEB8-8B4A-11D0-8D11-00A0C91BC942}") = "BaiTap_KTLT_008", "BaiTap_KTLT_008\BaiTap_KTLT_008.vcxproj", "{F5C7932B-9D36-43B8-B73E-FD56BC33324C}"
EndProject
Project("{8BC9CEB8-8B4A-11D0-8D11-00A0C91BC942}") = "BaiTap_KTLT_009", "BaiTap_KTLT_009\BaiTap_KTLT_009.vcxproj", "{949B3E12-E162-4395-A636-B557056C6134}"
EndProject
Project("{8BC9CEB8-8B4A-11D0-8D11-00A0C91BC942}") = "BaiTap_KTLT_010", "BaiTap_KTLT_010\BaiTap_KTLT_010.vcxproj", "{26FDAF1C-7576-4ACB-BAEC-DDA75190F53B}"
EndProject
Project("{8BC9CEB8-8B4A-11D0-8D11-00A0C91BC942}") = "BaiTap_KTLT_011", "BaiTap_KTLT_011\BaiTap_KTLT_011.vcxproj", "{7C22C758-04A0-4913-AB7B-3519B2F7D655}"
EndProject
Project("{8BC9CEB8-8B4A-11D0-8D11-00A0C91BC942}") = "BaiTap_KTLT_012", "BaiTap_KTLT_012\BaiTap_KTLT_012.vcxproj", "{DD89B65A-9C02-4507-B64C-CE74874C11A3}"
EndProject
Project("{8BC9CEB8-8B4A-11D0-8D11-00A0C91BC942}") = "BaiTap_KTLT_015", "BaiTap_KTLT_015\BaiTap_KTLT_015.vcxproj", "{475C04FC-CE3B-4EEA-9CC4-55C3B2C66558}"
EndProject
Project("{8BC9CEB8-8B4A-11D0-8D11-00A0C91BC942}") = "BaiTap_KTLT_016", "BaiTap_KTLT_016\BaiTap_KTLT_016.vcxproj", "{73A415D5-3B90-492F-80D3-D588E855DFE1}"
EndProject
Project("{8BC9CEB8-8B4A-11D0-8D11-00A0C91BC942}") = "BaiTap_KTLT_020", "BaiTap_KTLT_020\BaiTap_KTLT_020.vcxproj", "{DD5808CC-0CBF-4F6E-8FC0-DD720AD86690}"
EndProject
Project("{8BC9CEB8-8B4A-11D0-8D11-00A0C91BC942}") = "BaiTap_KTLT_021", "BaiTap_KTLT_021\BaiTap_KTLT_021.vcxproj", "{316EF810-1CF1-43D4-9695-775D0775F2BE}"
EndProject
Project("{8BC9CEB8-8B4A-11D0-8D11-00A0C91BC942}") = "BaiTap_KTLT_022", "BaiTap_KTLT_022\BaiTap_KTLT_022.vcxproj", "{755294E3-2042-4FE5-BF7A-0FA971D68EF7}"
EndProject
Project("{8BC9CEB8-8B4A-11D0-8D11-00A0C91BC942}") = "BaiTap_KTLT_023", "BaiTap_KTLT_023\BaiTap_KTLT_023.vcxproj", "{116E07B2-5B75-4EC4-A36E-55BE728A2042}"
EndProject
Project("{8BC9CEB8-8B4A-11D0-8D11-00A0C91BC942}") = "BaiTap_KTLT_024", "BaiTap_KTLT_024\BaiTap_KTLT_024.vcxproj", "{C779C5A8-204A-4752-B8CD-983C5C2BCEF0}"
EndProject
Project("{8BC9CEB8-8B4A-11D0-8D11-00A0C91BC942}") = "BaiTap_KTLT_025", "BaiTap_KTLT_025\BaiTap_KTLT_025.vcxproj", "{D0F475A3-CC19-4FAC-8687-8A5F90E538E0}"
EndProject
Project("{8BC9CEB8-8B4A-11D0-8D11-00A0C91BC942}") = "BaiTap_KTLT_026", "BaiTap_KTLT_026\BaiTap_KTLT_026.vcxproj", "{F43F59A9-242C-4BA2-91CD-56416C6808A6}"
EndProject
Project("{8BC9CEB8-8B4A-11D0-8D11-00A0C91BC942}") = "BaiTap_KTLT_027", "BaiTap_KTLT_027\BaiTap_KTLT_027.vcxproj", "{A3012F19-277B-46BC-A960-5D0684CD28E3}"
EndProject
Project("{8BC9CEB8-8B4A-11D0-8D11-00A0C91BC942}") = "BaiTap_KTLT_028", "BaiTap_KTLT_028\BaiTap_KTLT_028.vcxproj", "{83B1AFB9-15B8-4767-988B-32805C20E84F}"
EndProject
Project("{8BC9CEB8-8B4A-11D0-8D11-00A0C91BC942}") = "BaiTap_KTLT_029", "BaiTap_KTLT_029\BaiTap_KTLT_029.vcxproj", "{16595E1D-9206-433C-9998-CBA7B0F7D2C3}"
EndProject
Project("{8BC9CEB8-8B4A-11D0-8D11-00A0C91BC942}") = "BaiTap_KTLT_030", "BaiTap_KTLT_030\BaiTap_KTLT_030.vcxproj", "{4C1280C5-B3BA-40FF-BE07-D1DD025920B5}"
EndProject
Project("{8BC9CEB8-8B4A-11D0-8D11-00A0C91BC942}") = "BaiTap_KTLT_031", "BaiTap_KTLT_031\BaiTap_KTLT_031.vcxproj", "{CEF1C25E-5C95-4CDB-A9E1-B2CD00E986A6}"
EndProject
Project("{8BC9CEB8-8B4A-11D0-8D11-00A0C91BC942}") = "BaiTap_KTLT_032", "BaiTap_KTLT_032\BaiTap_KTLT_032.vcxproj", "{6B9C5870-23BC-49FC-BD45-8B45C8D85C8E}"
EndProject
Project("{8BC9CEB8-8B4A-11D0-8D11-00A0C91BC942}") = "BaiTap_KTLT_033", "BaiTap_KTLT_033\BaiTap_KTLT_033.vcxproj", "{26FA0F62-F375-4978-9B91-9AB937E2B5AE}"
EndProject
Project("{8BC9CEB8-8B4A-11D0-8D11-00A0C91BC942}") = "BaiTap_KTLT_034", "BaiTap_KTLT_034\BaiTap_KTLT_034.vcxproj", "{8CFE66E9-FDBA-4C8F-B837-87B2E79AA445}"
EndProject
Project("{8BC9CEB8-8B4A-11D0-8D11-00A0C91BC942}") = "BaiTap_KTLT_035", "BaiTap_KTLT_035\BaiTap_KTLT_035.vcxproj", "{2EC8F62F-23BF-4239-9D9F-527D488A05DB}"
EndProject
Project("{8BC9CEB8-8B4A-11D0-8D11-00A0C91BC942}") = "BaiTap_KTLT_036", "BaiTap_KTLT_036\BaiTap_KTLT_036.vcxproj", "{4F01A1E9-58B5-42F2-98E4-E61BFB91017B}"
EndProject
Project("{8BC9CEB8-8B4A-11D0-8D11-00A0C91BC942}") = "BaiTap_KTLT_037", "BaiTap_KTLT_037\BaiTap_KTLT_037.vcxproj", "{E49BC5B2-9DD5-41FD-AB73-8535ADAEA7B8}"
EndProject
Project("{8BC9CEB8-8B4A-11D0-8D11-00A0C91BC942}") = "BaiTap_KTLT_038", "BaiTap_KTLT_038\BaiTap_KTLT_038.vcxproj", "{8187BAD7-0268-4FFE-AA1E-E6E02BFDF618}"
EndProject
Project("{8BC9CEB8-8B4A-11D0-8D11-00A0C91BC942}") = "BaiTap_KTLT_039", "BaiTap_KTLT_039\BaiTap_KTLT_039.vcxproj", "{19E0B73D-2EC3-4A43-AE2E-51B44656B2EA}"
EndProject
Project("{8BC9CEB8-8B4A-11D0-8D11-00A0C91BC942}") = "BaiTap_KTLT_040", "BaiTap_KTLT_040\BaiTap_KTLT_040.vcxproj", "{0D8E2665-9ACE-4ADC-B3D2-6803738D8B46}"
EndProject
Project("{8BC9CEB8-8B4A-11D0-8D11-00A0C91BC942}") = "BaiTap_KTLT_041", "BaiTap_KTLT_041\BaiTap_KTLT_041.vcxproj", "{CF0F0F30-6FCF-4DA6-B80A-3D10C07AAC5D}"
EndProject
Project("{8BC9CEB8-8B4A-11D0-8D11-00A0C91BC942}") = "BaiTap_KTLT_043", "BaiTap_KTLT_043\BaiTap_KTLT_043.vcxproj", "{8C7A90D8-11B8-4B33-B1C8-64808EA02134}"
EndProject
Project("{8BC9CEB8-8B4A-11D0-8D11-00A0C91BC942}") = "BaiTap_KTLT_044", "BaiTap_KTLT_044\BaiTap_KTLT_044.vcxproj", "{5E9EC1D1-B83B-4274-A89C-2230927F6353}"
EndProject
Project("{8BC9CEB8-8B4A-11D0-8D11-00A0C91BC942}") = "BaiTap_KTLT_046", "BaiTap_KTLT_046\BaiTap_KTLT_046.vcxproj", "{DF80367C-EF93-41E7-BE88-A4EEA674F10F}"
EndProject
Project("{8BC9CEB8-8B4A-11D0-8D11-00A0C91BC942}") = "BaiTap_KTLT_047", "BaiTap_KTLT_047\BaiTap_KTLT_047.vcxproj", "{A3F56A42-B81F-4CB2-9ADC-34AE96495D48}"
EndProject
Project("{8BC9CEB8-8B4A-11D0-8D11-00A0C91BC942}") = "BaiTap_KTLT_042", "BaiTap_KTLT_042\BaiTap_KTLT_042.vcxproj", "{5F1DB546-FD06-4180-8843-8ECA44D623B4}"
EndProject
Project("{8BC9CEB8-8B4A-11D0-8D11-00A0C91BC942}") = "BaiTap_KTLT_045", "BaiTap_KTLT_045\BaiTap_KTLT_045.vcxproj", "{C3F7B60E-7BA8-498E-AD52-AB9CE294B08B}"
EndProject
Project("{8BC9CEB8-8B4A-11D0-8D11-00A0C91BC942}") = "BaiTap_KTLT_048", "BaiTap_KTLT_048\BaiTap_KTLT_048.vcxproj", "{B4F8F625-C7AD-4364-A6F8-42B4F4BF3764}"
EndProject
Project("{8BC9CEB8-8B4A-11D0-8D11-00A0C91BC942}") = "BaiTap_KTLT_049", "BaiTap_KTLT_049\BaiTap_KTLT_049.vcxproj", "{80927808-39D3-442C-8920-95EBD5EDB688}"
EndProject
Project("{8BC9CEB8-8B4A-11D0-8D11-00A0C91BC942}") = "BaiTap_KTLT_050", "BaiTap_KTLT_050\BaiTap_KTLT_050.vcxproj", "{0746FAD7-651E-48A3-8039-F87E2DD0E1DA}"
EndProject
Project("{8BC9CEB8-8B4A-11D0-8D11-00A0C91BC942}") = "BaiTap_KTLT_051", "BaiTap_KTLT_051\BaiTap_KTLT_051.vcxproj", "{32ECD5B2-8F71-42B1-AB64-23F6F4037B23}"
EndProject
Project("{8BC9CEB8-8B4A-11D0-8D11-00A0C91BC942}") = "BaiTap_KTLT_052", "BaiTap_KTLT_052\BaiTap_KTLT_052.vcxproj", "{30D0235F-FE79-4FE3-BE4B-9EE22ADE1CC2}"
EndProject
Project("{8BC9CEB8-8B4A-11D0-8D11-00A0C91BC942}") = "BaiTap_KTLT_053", "BaiTap_KTLT_053\BaiTap_KTLT_053.vcxproj", "{CBF3777B-38DC-4037-8038-950FA95B9C5F}"
EndProject
Project("{8BC9CEB8-8B4A-11D0-8D11-00A0C91BC942}") = "BaiTap_KTLT_054", "BaiTap_KTLT_054\BaiTap_KTLT_054.vcxproj", "{EC1EAA80-9225-4B70-A45C-0701DC323AC6}"
EndProject
Project("{8BC9CEB8-8B4A-11D0-8D11-00A0C91BC942}") = "BaiTap_KTLT_056", "BaiTap_KTLT_056\BaiTap_KTLT_056.vcxproj", "{4D58E6BB-C2A3-4409-AB60-39E9E8928FB8}"
EndProject
Project("{8BC9CEB8-8B4A-11D0-8D11-00A0C91BC942}") = "BaiTap_KTLT_057", "BaiTap_KTLT_057\BaiTap_KTLT_057.vcxproj", "{D8063BEB-7246-4691-B139-D050A9661E9D}"
EndProject
Project("{8BC9CEB8-8B4A-11D0-8D11-00A0C91BC942}") = "BaiTap_KTLT_059", "BaiTap_KTLT_059\BaiTap_KTLT_059.vcxproj", "{D8F06FE0-050D-4C92-AE18-A107EA9E76F3}"
EndProject
Project("{8BC9CEB8-8B4A-11D0-8D11-00A0C91BC942}") = "BaiTap_KTLT_060", "BaiTap_KTLT_060\BaiTap_KTLT_060.vcxproj", "{6350568B-8C01-465A-B27F-E47605387509}"
EndProject
Project("{8BC9CEB8-8B4A-11D0-8D11-00A0C91BC942}") = "BaiTap_KTLT_061", "BaiTap_KTLT_061\BaiTap_KTLT_061.vcxproj", "{FC11E9B2-5D1A-446B-AA7E-DF62ADBF0149}"
EndProject
Project("{8BC9CEB8-8B4A-11D0-8D11-00A0C91BC942}") = "BaiTap_KTLT_062", "BaiTap_KTLT_062\BaiTap_KTLT_062.vcxproj", "{E9D8CA30-9281-4658-828E-5867ECBC0490}"
EndProject
Project("{8BC9CEB8-8B4A-11D0-8D11-00A0C91BC942}") = "BaiTap_KTLT_064", "BaiTap_KTLT_064\BaiTap_KTLT_064.vcxproj", "{06437058-6B30-4209-A6C1-1EAB52033474}"
EndProject
Project("{8BC9CEB8-8B4A-11D0-8D11-00A0C91BC942}") = "BaiTap_KTLT_065", "BaiTap_KTLT_065\BaiTap_KTLT_065.vcxproj", "{6AF19F5C-134C-479A-81B2-956CD6FDAC80}"
EndProject
Project("{8BC9CEB8-8B4A-11D0-8D11-00A0C91BC942}") = "BaiTap_KTLT_066", "BaiTap_KTLT_066\BaiTap_KTLT_066.vcxproj", "{49C52BBB-034E-4204-AA48-E1A7F31BC399}"
EndProject
Project("{8BC9CEB8-8B4A-11D0-8D11-00A0C91BC942}") = "BaiTap_KTLT_067", "BaiTap_KTLT_067\BaiTap_KTLT_067.vcxproj", "{2FCEB73B-CE41-4E2A-8F74-7DF197A0391E}"
EndProject
Project("{8BC9CEB8-8B4A-11D0-8D11-00A0C91BC942}") = "BaiTap_KTLT_068", "BaiTap_KTLT_068\BaiTap_KTLT_068.vcxproj", "{7AD88A89-E4D1-42F6-81A6-8D3BD121E3C8}"
EndProject
Project("{8BC9CEB8-8B4A-11D0-8D11-00A0C91BC942}") = "BaiTap_KTLT_069", "BaiTap_KTLT_069\BaiTap_KTLT_069.vcxproj", "{A49A81FB-7E31-47C8-8DBA-41274A35A668}"
EndProject
Project("{8BC9CEB8-8B4A-11D0-8D11-00A0C91BC942}") = "BaiTap_KTLT_070", "BaiTap_KTLT_070\BaiTap_KTLT_070.vcxproj", "{94118D83-C816-4A28-8EAD-0B4667E76448}"
EndProject
Project("{8BC9CEB8-8B4A-11D0-8D11-00A0C91BC942}") = "BaiTap_KTLT_071", "BaiTap_KTLT_071\BaiTap_KTLT_071.vcxproj", "{59FF1AAC-AC6E-4388-AB24-7C4E8B7BD492}"
EndProject
Project("{8BC9CEB8-8B4A-11D0-8D11-00A0C91BC942}") = "BaiTap_KTLT_072", "BaiTap_KTLT_072\BaiTap_KTLT_072.vcxproj", "{AD12CFCE-E0D9-4824-86A6-84740AD73DA8}"
EndProject
Project("{8BC9CEB8-8B4A-11D0-8D11-00A0C91BC942}") = "BaiTap_KTLT_073", "BaiTap_KTLT_073\BaiTap_KTLT_073.vcxproj", "{6580385D-4C67-4E90-B321-61E42014743E}"
EndProject
Project("{8BC9CEB8-8B4A-11D0-8D11-00A0C91BC942}") = "BaiTap_KTLT_075", "BaiTap_KTLT_075\BaiTap_KTLT_075.vcxproj", "{1526192B-B681-4552-8E84-13E46182EA3D}"
EndProject
Project("{8BC9CEB8-8B4A-11D0-8D11-00A0C91BC942}") = "BaiTap_KTLT_076", "BaiTap_KTLT_076\BaiTap_KTLT_076.vcxproj", "{B93919F9-A42B-4FF0-B02B-4801E0A11D44}"
EndProject
Project("{8BC9CEB8-8B4A-11D0-8D11-00A0C91BC942}") = "BaiTap_KTLT_077", "BaiTap_KTLT_077\BaiTap_KTLT_077.vcxproj", "{CF75B489-966C-43B8-B8DE-5C48D46A9891}"
EndProject
Project("{8BC9CEB8-8B4A-11D0-8D11-00A0C91BC942}") = "BaiTap_KTLT_078", "BaiTap_KTLT_078\BaiTap_KTLT_078.vcxproj", "{A62276A1-55F8-4C9D-8F64-84B029C4378C}"
EndProject
Project("{8BC9CEB8-8B4A-11D0-8D11-00A0C91BC942}") = "BaiTap_KTLT_079", "BaiTap_KTLT_079\BaiTap_KTLT_079.vcxproj", "{7BB6E599-A2C1-479C-8BED-D12657C494E1}"
EndProject
Project("{8BC9CEB8-8B4A-11D0-8D11-00A0C91BC942}") = "BaiTap_KTLT_080", "BaiTap_KTLT_080\BaiTap_KTLT_080.vcxproj", "{FE824629-7FC5-424A-9AC3-29E336EABBFA}"
EndProject
Project("{8BC9CEB8-8B4A-11D0-8D11-00A0C91BC942}") = "BaiTap_KTLT_081", "BaiTap_KTLT_081\BaiTap_KTLT_081.vcxproj", "{B8D17FE9-DB9D-48D8-A05D-0692F7B64525}"
EndProject
Project("{8BC9CEB8-8B4A-11D0-8D11-00A0C91BC942}") = "BaiTap_KTLT_082", "BaiTap_KTLT_082\BaiTap_KTLT_082.vcxproj", "{2E41DB73-3946-46CA-82AB-45EC8C0AE5B8}"
EndProject
Project("{8BC9CEB8-8B4A-11D0-8D11-00A0C91BC942}") = "BaiTap_KTLT_083", "BaiTap_KTLT_083\BaiTap_KTLT_083.vcxproj", "{D3E9C291-AFD3-4EF8-9309-3711002E3FF3}"
EndProject
Project("{8BC9CEB8-8B4A-11D0-8D11-00A0C91BC942}") = "BaiTap_KTLT_084", "BaiTap_KTLT_084\BaiTap_KTLT_084.vcxproj", "{F3E44F98-B7BB-493A-82AA-CA5CAE26B95E}"
EndProject
Project("{8BC9CEB8-8B4A-11D0-8D11-00A0C91BC942}") = "BaiTap_KTLT_085", "BaiTap_KTLT_085\BaiTap_KTLT_085.vcxproj", "{66CE2C65-764A-48EF-93A1-AA5E477A5B66}"
EndProject
Project("{8BC9CEB8-8B4A-11D0-8D11-00A0C91BC942}") = "BaiTap_KTLT_086", "BaiTap_KTLT_086\BaiTap_KTLT_086.vcxproj", "{97EA4FE6-E9F3-4A0B-8033-8523158A402C}"
EndProject
Project("{8BC9CEB8-8B4A-11D0-8D11-00A0C91BC942}") = "BaiTap_KTLT_087", "BaiTap_KTLT_087\BaiTap_KTLT_087.vcxproj", "{D88F9999-23CE-4254-B2AC-961744DD68D5}"
EndProject
Project("{8BC9CEB8-8B4A-11D0-8D11-00A0C91BC942}") = "BaiTap_KTLT_088", "BaiTap_KTLT_088\BaiTap_KTLT_088.vcxproj", "{0BBFCE9D-7C82-4001-93F8-448744CCAC00}"
EndProject
Project("{8BC9CEB8-8B4A-11D0-8D11-00A0C91BC942}") = "BaiTap_KTLT_089", "BaiTap_KTLT_089\BaiTap_KTLT_089.vcxproj", "{6D6C9EFA-823A-4244-BD12-0E34F02B3DD5}"
EndProject
Project("{8BC9CEB8-8B4A-11D0-8D11-00A0C91BC942}") = "BaiTap_KTLT_090", "BaiTap_KTLT_090\BaiTap_KTLT_090.vcxproj", "{66245EA4-88FB-4925-B173-FD1A7E374456}"
EndProject
Project("{8BC9CEB8-8B4A-11D0-8D11-00A0C91BC942}") = "BaiTap_KTLT_091", "BaiTap_KTLT_091\BaiTap_KTLT_091.vcxproj", "{CB89D89F-D637-4214-9A6A-59797013F98B}"
EndProject
Project("{8BC9CEB8-8B4A-11D0-8D11-00A0C91BC942}") = "BaiTap_KTLT_092", "BaiTap_KTLT_092\BaiTap_KTLT_092.vcxproj", "{C83C8615-694E-453D-A00E-EFD96898D7FA}"
EndProject
Project("{8BC9CEB8-8B4A-11D0-8D11-00A0C91BC942}") = "BaiTap_KTLT_093", "BaiTap_KTLT_093\BaiTap_KTLT_093.vcxproj", "{E7027827-9E51-4F88-A432-17D41BF576EE}"
EndProject
Project("{8BC9CEB8-8B4A-11D0-8D11-00A0C91BC942}") = "BaiTap_KTLT_094", "BaiTap_KTLT_094\BaiTap_KTLT_094.vcxproj", "{5D624C29-2548-4C99-BC6E-0F4CFA12F906}"
EndProject
Project("{8BC9CEB8-8B4A-11D0-8D11-00A0C91BC942}") = "BaiTap_KTLT_095", "BaiTap_KTLT_095\BaiTap_KTLT_095.vcxproj", "{89EC63D0-1934-4F00-9937-302432E90E11}"
EndProject
Project("{8BC9CEB8-8B4A-11D0-8D11-00A0C91BC942}") = "BaiTap_KTLT_013", "BaiTap_KTLT_013\BaiTap_KTLT_013.vcxproj", "{DE8DEB42-E30C-44F8-8F0B-9CE9FE3BCA86}"
EndProject
Project("{8BC9CEB8-8B4A-11D0-8D11-00A0C91BC942}") = "BaiTap_KTLT_014", "BaiTap_KTLT_014\BaiTap_KTLT_014.vcxproj", "{85CD68D5-DF44-4ABC-93DD-E9CFCA1C1F40}"
EndProject
Project("{8BC9CEB8-8B4A-11D0-8D11-00A0C91BC942}") = "BaiTap_KTLT_017", "BaiTap_KTLT_017\BaiTap_KTLT_017.vcxproj", "{B783EAA6-6B61-4D19-89CB-A90D42E6F4EB}"
EndProject
Project("{8BC9CEB8-8B4A-11D0-8D11-00A0C91BC942}") = "BaiTap_KTLT_018", "BaiTap_KTLT_018\BaiTap_KTLT_018.vcxproj", "{8581E5A8-6C3B-4551-9438-62C996E9885C}"
EndProject
Global
	GlobalSection(SolutionConfigurationPlatforms) = preSolution
		Debug|x64 = Debug|x64
		Debug|x86 = Debug|x86
		Release|x64 = Release|x64
		Release|x86 = Release|x86
	EndGlobalSection
	GlobalSection(ProjectConfigurationPlatforms) = postSolution
		{F259BA3A-FEAC-4EA2-8EB9-ECEE16890BEF}.Debug|x64.ActiveCfg = Debug|x64
		{F259BA3A-FEAC-4EA2-8EB9-ECEE16890BEF}.Debug|x64.Build.0 = Debug|x64
		{F259BA3A-FEAC-4EA2-8EB9-ECEE16890BEF}.Debug|x86.ActiveCfg = Debug|Win32
		{F259BA3A-FEAC-4EA2-8EB9-ECEE16890BEF}.Debug|x86.Build.0 = Debug|Win32
		{F259BA3A-FEAC-4EA2-8EB9-ECEE16890BEF}.Release|x64.ActiveCfg = Release|x64
		{F259BA3A-FEAC-4EA2-8EB9-ECEE16890BEF}.Release|x64.Build.0 = Release|x64
		{F259BA3A-FEAC-4EA2-8EB9-ECEE16890BEF}.Release|x86.ActiveCfg = Release|Win32
		{F259BA3A-FEAC-4EA2-8EB9-ECEE16890BEF}.Release|x86.Build.0 = Release|Win32
		{1E3E6BA2-22C1-4263-ACCB-8559DCF09599}.Debug|x64.ActiveCfg = Debug|x64
		{1E3E6BA2-22C1-4263-ACCB-8559DCF09599}.Debug|x64.Build.0 = Debug|x64
		{1E3E6BA2-22C1-4263-ACCB-8559DCF09599}.Debug|x86.ActiveCfg = Debug|Win32
		{1E3E6BA2-22C1-4263-ACCB-8559DCF09599}.Debug|x86.Build.0 = Debug|Win32
		{1E3E6BA2-22C1-4263-ACCB-8559DCF09599}.Release|x64.ActiveCfg = Release|x64
		{1E3E6BA2-22C1-4263-ACCB-8559DCF09599}.Release|x64.Build.0 = Release|x64
		{1E3E6BA2-22C1-4263-ACCB-8559DCF09599}.Release|x86.ActiveCfg = Release|Win32
		{1E3E6BA2-22C1-4263-ACCB-8559DCF09599}.Release|x86.Build.0 = Release|Win32
		{DDE93A9F-BF2E-45B4-A8C6-3111BC77DA31}.Debug|x64.ActiveCfg = Debug|x64
		{DDE93A9F-BF2E-45B4-A8C6-3111BC77DA31}.Debug|x64.Build.0 = Debug|x64
		{DDE93A9F-BF2E-45B4-A8C6-3111BC77DA31}.Debug|x86.ActiveCfg = Debug|Win32
		{DDE93A9F-BF2E-45B4-A8C6-3111BC77DA31}.Debug|x86.Build.0 = Debug|Win32
		{DDE93A9F-BF2E-45B4-A8C6-3111BC77DA31}.Release|x64.ActiveCfg = Release|x64
		{DDE93A9F-BF2E-45B4-A8C6-3111BC77DA31}.Release|x64.Build.0 = Release|x64
		{DDE93A9F-BF2E-45B4-A8C6-3111BC77DA31}.Release|x86.ActiveCfg = Release|Win32
		{DDE93A9F-BF2E-45B4-A8C6-3111BC77DA31}.Release|x86.Build.0 = Release|Win32
		{324A05C8-7A1B-49F9-9366-D0F9D113BE16}.Debug|x64.ActiveCfg = Debug|x64
		{324A05C8-7A1B-49F9-9366-D0F9D113BE16}.Debug|x64.Build.0 = Debug|x64
		{324A05C8-7A1B-49F9-9366-D0F9D113BE16}.Debug|x86.ActiveCfg = Debug|Win32
		{324A05C8-7A1B-49F9-9366-D0F9D113BE16}.Debug|x86.Build.0 = Debug|Win32
		{324A05C8-7A1B-49F9-9366-D0F9D113BE16}.Release|x64.ActiveCfg = Release|x64
		{324A05C8-7A1B-49F9-9366-D0F9D113BE16}.Release|x64.Build.0 = Release|x64
		{324A05C8-7A1B-49F9-9366-D0F9D113BE16}.Release|x86.ActiveCfg = Release|Win32
		{324A05C8-7A1B-49F9-9366-D0F9D113BE16}.Release|x86.Build.0 = Release|Win32
		{372F086D-AD91-4172-8C31-1DA2C091D641}.Debug|x64.ActiveCfg = Debug|x64
		{372F086D-AD91-4172-8C31-1DA2C091D641}.Debug|x64.Build.0 = Debug|x64
		{372F086D-AD91-4172-8C31-1DA2C091D641}.Debug|x86.ActiveCfg = Debug|Win32
		{372F086D-AD91-4172-8C31-1DA2C091D641}.Debug|x86.Build.0 = Debug|Win32
		{372F086D-AD91-4172-8C31-1DA2C091D641}.Release|x64.ActiveCfg = Release|x64
		{372F086D-AD91-4172-8C31-1DA2C091D641}.Release|x64.Build.0 = Release|x64
		{372F086D-AD91-4172-8C31-1DA2C091D641}.Release|x86.ActiveCfg = Release|Win32
		{372F086D-AD91-4172-8C31-1DA2C091D641}.Release|x86.Build.0 = Release|Win32
		{C0BD1D13-839D-40F1-A63A-9B8E05740D36}.Debug|x64.ActiveCfg = Debug|x64
		{C0BD1D13-839D-40F1-A63A-9B8E05740D36}.Debug|x64.Build.0 = Debug|x64
		{C0BD1D13-839D-40F1-A63A-9B8E05740D36}.Debug|x86.ActiveCfg = Debug|Win32
		{C0BD1D13-839D-40F1-A63A-9B8E05740D36}.Debug|x86.Build.0 = Debug|Win32
		{C0BD1D13-839D-40F1-A63A-9B8E05740D36}.Release|x64.ActiveCfg = Release|x64
		{C0BD1D13-839D-40F1-A63A-9B8E05740D36}.Release|x64.Build.0 = Release|x64
		{C0BD1D13-839D-40F1-A63A-9B8E05740D36}.Release|x86.ActiveCfg = Release|Win32
		{C0BD1D13-839D-40F1-A63A-9B8E05740D36}.Release|x86.Build.0 = Release|Win32
		{2E7BABCF-36DE-4262-9F14-C96EA624CF05}.Debug|x64.ActiveCfg = Debug|x64
		{2E7BABCF-36DE-4262-9F14-C96EA624CF05}.Debug|x64.Build.0 = Debug|x64
		{2E7BABCF-36DE-4262-9F14-C96EA624CF05}.Debug|x86.ActiveCfg = Debug|Win32
		{2E7BABCF-36DE-4262-9F14-C96EA624CF05}.Debug|x86.Build.0 = Debug|Win32
		{2E7BABCF-36DE-4262-9F14-C96EA624CF05}.Release|x64.ActiveCfg = Release|x64
		{2E7BABCF-36DE-4262-9F14-C96EA624CF05}.Release|x64.Build.0 = Release|x64
		{2E7BABCF-36DE-4262-9F14-C96EA624CF05}.Release|x86.ActiveCfg = Release|Win32
		{2E7BABCF-36DE-4262-9F14-C96EA624CF05}.Release|x86.Build.0 = Release|Win32
		{F5C7932B-9D36-43B8-B73E-FD56BC33324C}.Debug|x64.ActiveCfg = Debug|x64
		{F5C7932B-9D36-43B8-B73E-FD56BC33324C}.Debug|x64.Build.0 = Debug|x64
		{F5C7932B-9D36-43B8-B73E-FD56BC33324C}.Debug|x86.ActiveCfg = Debug|Win32
		{F5C7932B-9D36-43B8-B73E-FD56BC33324C}.Debug|x86.Build.0 = Debug|Win32
		{F5C7932B-9D36-43B8-B73E-FD56BC33324C}.Release|x64.ActiveCfg = Release|x64
		{F5C7932B-9D36-43B8-B73E-FD56BC33324C}.Release|x64.Build.0 = Release|x64
		{F5C7932B-9D36-43B8-B73E-FD56BC33324C}.Release|x86.ActiveCfg = Release|Win32
		{F5C7932B-9D36-43B8-B73E-FD56BC33324C}.Release|x86.Build.0 = Release|Win32
		{949B3E12-E162-4395-A636-B557056C6134}.Debug|x64.ActiveCfg = Debug|x64
		{949B3E12-E162-4395-A636-B557056C6134}.Debug|x64.Build.0 = Debug|x64
		{949B3E12-E162-4395-A636-B557056C6134}.Debug|x86.ActiveCfg = Debug|Win32
		{949B3E12-E162-4395-A636-B557056C6134}.Debug|x86.Build.0 = Debug|Win32
		{949B3E12-E162-4395-A636-B557056C6134}.Release|x64.ActiveCfg = Release|x64
		{949B3E12-E162-4395-A636-B557056C6134}.Release|x64.Build.0 = Release|x64
		{949B3E12-E162-4395-A636-B557056C6134}.Release|x86.ActiveCfg = Release|Win32
		{949B3E12-E162-4395-A636-B557056C6134}.Release|x86.Build.0 = Release|Win32
		{26FDAF1C-7576-4ACB-BAEC-DDA75190F53B}.Debug|x64.ActiveCfg = Debug|x64
		{26FDAF1C-7576-4ACB-BAEC-DDA75190F53B}.Debug|x64.Build.0 = Debug|x64
		{26FDAF1C-7576-4ACB-BAEC-DDA75190F53B}.Debug|x86.ActiveCfg = Debug|Win32
		{26FDAF1C-7576-4ACB-BAEC-DDA75190F53B}.Debug|x86.Build.0 = Debug|Win32
		{26FDAF1C-7576-4ACB-BAEC-DDA75190F53B}.Release|x64.ActiveCfg = Release|x64
		{26FDAF1C-7576-4ACB-BAEC-DDA75190F53B}.Release|x64.Build.0 = Release|x64
		{26FDAF1C-7576-4ACB-BAEC-DDA75190F53B}.Release|x86.ActiveCfg = Release|Win32
		{26FDAF1C-7576-4ACB-BAEC-DDA75190F53B}.Release|x86.Build.0 = Release|Win32
		{7C22C758-04A0-4913-AB7B-3519B2F7D655}.Debug|x64.ActiveCfg = Debug|x64
		{7C22C758-04A0-4913-AB7B-3519B2F7D655}.Debug|x64.Build.0 = Debug|x64
		{7C22C758-04A0-4913-AB7B-3519B2F7D655}.Debug|x86.ActiveCfg = Debug|Win32
		{7C22C758-04A0-4913-AB7B-3519B2F7D655}.Debug|x86.Build.0 = Debug|Win32
		{7C22C758-04A0-4913-AB7B-3519B2F7D655}.Release|x64.ActiveCfg = Release|x64
		{7C22C758-04A0-4913-AB7B-3519B2F7D655}.Release|x64.Build.0 = Release|x64
		{7C22C758-04A0-4913-AB7B-3519B2F7D655}.Release|x86.ActiveCfg = Release|Win32
		{7C22C758-04A0-4913-AB7B-3519B2F7D655}.Release|x86.Build.0 = Release|Win32
		{DD89B65A-9C02-4507-B64C-CE74874C11A3}.Debug|x64.ActiveCfg = Debug|x64
		{DD89B65A-9C02-4507-B64C-CE74874C11A3}.Debug|x64.Build.0 = Debug|x64
		{DD89B65A-9C02-4507-B64C-CE74874C11A3}.Debug|x86.ActiveCfg = Debug|Win32
		{DD89B65A-9C02-4507-B64C-CE74874C11A3}.Debug|x86.Build.0 = Debug|Win32
		{DD89B65A-9C02-4507-B64C-CE74874C11A3}.Release|x64.ActiveCfg = Release|x64
		{DD89B65A-9C02-4507-B64C-CE74874C11A3}.Release|x64.Build.0 = Release|x64
		{DD89B65A-9C02-4507-B64C-CE74874C11A3}.Release|x86.ActiveCfg = Release|Win32
		{DD89B65A-9C02-4507-B64C-CE74874C11A3}.Release|x86.Build.0 = Release|Win32
		{475C04FC-CE3B-4EEA-9CC4-55C3B2C66558}.Debug|x64.ActiveCfg = Debug|x64
		{475C04FC-CE3B-4EEA-9CC4-55C3B2C66558}.Debug|x64.Build.0 = Debug|x64
		{475C04FC-CE3B-4EEA-9CC4-55C3B2C66558}.Debug|x86.ActiveCfg = Debug|Win32
		{475C04FC-CE3B-4EEA-9CC4-55C3B2C66558}.Debug|x86.Build.0 = Debug|Win32
		{475C04FC-CE3B-4EEA-9CC4-55C3B2C66558}.Release|x64.ActiveCfg = Release|x64
		{475C04FC-CE3B-4EEA-9CC4-55C3B2C66558}.Release|x64.Build.0 = Release|x64
		{475C04FC-CE3B-4EEA-9CC4-55C3B2C66558}.Release|x86.ActiveCfg = Release|Win32
		{475C04FC-CE3B-4EEA-9CC4-55C3B2C66558}.Release|x86.Build.0 = Release|Win32
		{73A415D5-3B90-492F-80D3-D588E855DFE1}.Debug|x64.ActiveCfg = Debug|x64
		{73A415D5-3B90-492F-80D3-D588E855DFE1}.Debug|x64.Build.0 = Debug|x64
		{73A415D5-3B90-492F-80D3-D588E855DFE1}.Debug|x86.ActiveCfg = Debug|Win32
		{73A415D5-3B90-492F-80D3-D588E855DFE1}.Debug|x86.Build.0 = Debug|Win32
		{73A415D5-3B90-492F-80D3-D588E855DFE1}.Release|x64.ActiveCfg = Release|x64
		{73A415D5-3B90-492F-80D3-D588E855DFE1}.Release|x64.Build.0 = Release|x64
		{73A415D5-3B90-492F-80D3-D588E855DFE1}.Release|x86.ActiveCfg = Release|Win32
		{73A415D5-3B90-492F-80D3-D588E855DFE1}.Release|x86.Build.0 = Release|Win32
		{DD5808CC-0CBF-4F6E-8FC0-DD720AD86690}.Debug|x64.ActiveCfg = Debug|x64
		{DD5808CC-0CBF-4F6E-8FC0-DD720AD86690}.Debug|x64.Build.0 = Debug|x64
		{DD5808CC-0CBF-4F6E-8FC0-DD720AD86690}.Debug|x86.ActiveCfg = Debug|Win32
		{DD5808CC-0CBF-4F6E-8FC0-DD720AD86690}.Debug|x86.Build.0 = Debug|Win32
		{DD5808CC-0CBF-4F6E-8FC0-DD720AD86690}.Release|x64.ActiveCfg = Release|x64
		{DD5808CC-0CBF-4F6E-8FC0-DD720AD86690}.Release|x64.Build.0 = Release|x64
		{DD5808CC-0CBF-4F6E-8FC0-DD720AD86690}.Release|x86.ActiveCfg = Release|Win32
		{DD5808CC-0CBF-4F6E-8FC0-DD720AD86690}.Release|x86.Build.0 = Release|Win32
		{316EF810-1CF1-43D4-9695-775D0775F2BE}.Debug|x64.ActiveCfg = Debug|x64
		{316EF810-1CF1-43D4-9695-775D0775F2BE}.Debug|x64.Build.0 = Debug|x64
		{316EF810-1CF1-43D4-9695-775D0775F2BE}.Debug|x86.ActiveCfg = Debug|Win32
		{316EF810-1CF1-43D4-9695-775D0775F2BE}.Debug|x86.Build.0 = Debug|Win32
		{316EF810-1CF1-43D4-9695-775D0775F2BE}.Release|x64.ActiveCfg = Release|x64
		{316EF810-1CF1-43D4-9695-775D0775F2BE}.Release|x64.Build.0 = Release|x64
		{316EF810-1CF1-43D4-9695-775D0775F2BE}.Release|x86.ActiveCfg = Release|Win32
		{316EF810-1CF1-43D4-9695-775D0775F2BE}.Release|x86.Build.0 = Release|Win32
		{755294E3-2042-4FE5-BF7A-0FA971D68EF7}.Debug|x64.ActiveCfg = Debug|x64
		{755294E3-2042-4FE5-BF7A-0FA971D68EF7}.Debug|x64.Build.0 = Debug|x64
		{755294E3-2042-4FE5-BF7A-0FA971D68EF7}.Debug|x86.ActiveCfg = Debug|Win32
		{755294E3-2042-4FE5-BF7A-0FA971D68EF7}.Debug|x86.Build.0 = Debug|Win32
		{755294E3-2042-4FE5-BF7A-0FA971D68EF7}.Release|x64.ActiveCfg = Release|x64
		{755294E3-2042-4FE5-BF7A-0FA971D68EF7}.Release|x64.Build.0 = Release|x64
		{755294E3-2042-4FE5-BF7A-0FA971D68EF7}.Release|x86.ActiveCfg = Release|Win32
		{755294E3-2042-4FE5-BF7A-0FA971D68EF7}.Release|x86.Build.0 = Release|Win32
		{116E07B2-5B75-4EC4-A36E-55BE728A2042}.Debug|x64.ActiveCfg = Debug|x64
		{116E07B2-5B75-4EC4-A36E-55BE728A2042}.Debug|x64.Build.0 = Debug|x64
		{116E07B2-5B75-4EC4-A36E-55BE728A2042}.Debug|x86.ActiveCfg = Debug|Win32
		{116E07B2-5B75-4EC4-A36E-55BE728A2042}.Debug|x86.Build.0 = Debug|Win32
		{116E07B2-5B75-4EC4-A36E-55BE728A2042}.Release|x64.ActiveCfg = Release|x64
		{116E07B2-5B75-4EC4-A36E-55BE728A2042}.Release|x64.Build.0 = Release|x64
		{116E07B2-5B75-4EC4-A36E-55BE728A2042}.Release|x86.ActiveCfg = Release|Win32
		{116E07B2-5B75-4EC4-A36E-55BE728A2042}.Release|x86.Build.0 = Release|Win32
		{C779C5A8-204A-4752-B8CD-983C5C2BCEF0}.Debug|x64.ActiveCfg = Debug|x64
		{C779C5A8-204A-4752-B8CD-983C5C2BCEF0}.Debug|x64.Build.0 = Debug|x64
		{C779C5A8-204A-4752-B8CD-983C5C2BCEF0}.Debug|x86.ActiveCfg = Debug|Win32
		{C779C5A8-204A-4752-B8CD-983C5C2BCEF0}.Debug|x86.Build.0 = Debug|Win32
		{C779C5A8-204A-4752-B8CD-983C5C2BCEF0}.Release|x64.ActiveCfg = Release|x64
		{C779C5A8-204A-4752-B8CD-983C5C2BCEF0}.Release|x64.Build.0 = Release|x64
		{C779C5A8-204A-4752-B8CD-983C5C2BCEF0}.Release|x86.ActiveCfg = Release|Win32
		{C779C5A8-204A-4752-B8CD-983C5C2BCEF0}.Release|x86.Build.0 = Release|Win32
		{D0F475A3-CC19-4FAC-8687-8A5F90E538E0}.Debug|x64.ActiveCfg = Debug|x64
		{D0F475A3-CC19-4FAC-8687-8A5F90E538E0}.Debug|x64.Build.0 = Debug|x64
		{D0F475A3-CC19-4FAC-8687-8A5F90E538E0}.Debug|x86.ActiveCfg = Debug|Win32
		{D0F475A3-CC19-4FAC-8687-8A5F90E538E0}.Debug|x86.Build.0 = Debug|Win32
		{D0F475A3-CC19-4FAC-8687-8A5F90E538E0}.Release|x64.ActiveCfg = Release|x64
		{D0F475A3-CC19-4FAC-8687-8A5F90E538E0}.Release|x64.Build.0 = Release|x64
		{D0F475A3-CC19-4FAC-8687-8A5F90E538E0}.Release|x86.ActiveCfg = Release|Win32
		{D0F475A3-CC19-4FAC-8687-8A5F90E538E0}.Release|x86.Build.0 = Release|Win32
		{F43F59A9-242C-4BA2-91CD-56416C6808A6}.Debug|x64.ActiveCfg = Debug|x64
		{F43F59A9-242C-4BA2-91CD-56416C6808A6}.Debug|x64.Build.0 = Debug|x64
		{F43F59A9-242C-4BA2-91CD-56416C6808A6}.Debug|x86.ActiveCfg = Debug|Win32
		{F43F59A9-242C-4BA2-91CD-56416C6808A6}.Debug|x86.Build.0 = Debug|Win32
		{F43F59A9-242C-4BA2-91CD-56416C6808A6}.Release|x64.ActiveCfg = Release|x64
		{F43F59A9-242C-4BA2-91CD-56416C6808A6}.Release|x64.Build.0 = Release|x64
		{F43F59A9-242C-4BA2-91CD-56416C6808A6}.Release|x86.ActiveCfg = Release|Win32
		{F43F59A9-242C-4BA2-91CD-56416C6808A6}.Release|x86.Build.0 = Release|Win32
		{A3012F19-277B-46BC-A960-5D0684CD28E3}.Debug|x64.ActiveCfg = Debug|x64
		{A3012F19-277B-46BC-A960-5D0684CD28E3}.Debug|x64.Build.0 = Debug|x64
		{A3012F19-277B-46BC-A960-5D0684CD28E3}.Debug|x86.ActiveCfg = Debug|Win32
		{A3012F19-277B-46BC-A960-5D0684CD28E3}.Debug|x86.Build.0 = Debug|Win32
		{A3012F19-277B-46BC-A960-5D0684CD28E3}.Release|x64.ActiveCfg = Release|x64
		{A3012F19-277B-46BC-A960-5D0684CD28E3}.Release|x64.Build.0 = Release|x64
		{A3012F19-277B-46BC-A960-5D0684CD28E3}.Release|x86.ActiveCfg = Release|Win32
		{A3012F19-277B-46BC-A960-5D0684CD28E3}.Release|x86.Build.0 = Release|Win32
		{83B1AFB9-15B8-4767-988B-32805C20E84F}.Debug|x64.ActiveCfg = Debug|x64
		{83B1AFB9-15B8-4767-988B-32805C20E84F}.Debug|x64.Build.0 = Debug|x64
		{83B1AFB9-15B8-4767-988B-32805C20E84F}.Debug|x86.ActiveCfg = Debug|Win32
		{83B1AFB9-15B8-4767-988B-32805C20E84F}.Debug|x86.Build.0 = Debug|Win32
		{83B1AFB9-15B8-4767-988B-32805C20E84F}.Release|x64.ActiveCfg = Release|x64
		{83B1AFB9-15B8-4767-988B-32805C20E84F}.Release|x64.Build.0 = Release|x64
		{83B1AFB9-15B8-4767-988B-32805C20E84F}.Release|x86.ActiveCfg = Release|Win32
		{83B1AFB9-15B8-4767-988B-32805C20E84F}.Release|x86.Build.0 = Release|Win32
		{16595E1D-9206-433C-9998-CBA7B0F7D2C3}.Debug|x64.ActiveCfg = Debug|x64
		{16595E1D-9206-433C-9998-CBA7B0F7D2C3}.Debug|x64.Build.0 = Debug|x64
		{16595E1D-9206-433C-9998-CBA7B0F7D2C3}.Debug|x86.ActiveCfg = Debug|Win32
		{16595E1D-9206-433C-9998-CBA7B0F7D2C3}.Debug|x86.Build.0 = Debug|Win32
		{16595E1D-9206-433C-9998-CBA7B0F7D2C3}.Release|x64.ActiveCfg = Release|x64
		{16595E1D-9206-433C-9998-CBA7B0F7D2C3}.Release|x64.Build.0 = Release|x64
		{16595E1D-9206-433C-9998-CBA7B0F7D2C3}.Release|x86.ActiveCfg = Release|Win32
		{16595E1D-9206-433C-9998-CBA7B0F7D2C3}.Release|x86.Build.0 = Release|Win32
		{4C1280C5-B3BA-40FF-BE07-D1DD025920B5}.Debug|x64.ActiveCfg = Debug|x64
		{4C1280C5-B3BA-40FF-BE07-D1DD025920B5}.Debug|x64.Build.0 = Debug|x64
		{4C1280C5-B3BA-40FF-BE07-D1DD025920B5}.Debug|x86.ActiveCfg = Debug|Win32
		{4C1280C5-B3BA-40FF-BE07-D1DD025920B5}.Debug|x86.Build.0 = Debug|Win32
		{4C1280C5-B3BA-40FF-BE07-D1DD025920B5}.Release|x64.ActiveCfg = Release|x64
		{4C1280C5-B3BA-40FF-BE07-D1DD025920B5}.Release|x64.Build.0 = Release|x64
		{4C1280C5-B3BA-40FF-BE07-D1DD025920B5}.Release|x86.ActiveCfg = Release|Win32
		{4C1280C5-B3BA-40FF-BE07-D1DD025920B5}.Release|x86.Build.0 = Release|Win32
		{CEF1C25E-5C95-4CDB-A9E1-B2CD00E986A6}.Debug|x64.ActiveCfg = Debug|x64
		{CEF1C25E-5C95-4CDB-A9E1-B2CD00E986A6}.Debug|x64.Build.0 = Debug|x64
		{CEF1C25E-5C95-4CDB-A9E1-B2CD00E986A6}.Debug|x86.ActiveCfg = Debug|Win32
		{CEF1C25E-5C95-4CDB-A9E1-B2CD00E986A6}.Debug|x86.Build.0 = Debug|Win32
		{CEF1C25E-5C95-4CDB-A9E1-B2CD00E986A6}.Release|x64.ActiveCfg = Release|x64
		{CEF1C25E-5C95-4CDB-A9E1-B2CD00E986A6}.Release|x64.Build.0 = Release|x64
		{CEF1C25E-5C95-4CDB-A9E1-B2CD00E986A6}.Release|x86.ActiveCfg = Release|Win32
		{CEF1C25E-5C95-4CDB-A9E1-B2CD00E986A6}.Release|x86.Build.0 = Release|Win32
		{6B9C5870-23BC-49FC-BD45-8B45C8D85C8E}.Debug|x64.ActiveCfg = Debug|x64
		{6B9C5870-23BC-49FC-BD45-8B45C8D85C8E}.Debug|x64.Build.0 = Debug|x64
		{6B9C5870-23BC-49FC-BD45-8B45C8D85C8E}.Debug|x86.ActiveCfg = Debug|Win32
		{6B9C5870-23BC-49FC-BD45-8B45C8D85C8E}.Debug|x86.Build.0 = Debug|Win32
		{6B9C5870-23BC-49FC-BD45-8B45C8D85C8E}.Release|x64.ActiveCfg = Release|x64
		{6B9C5870-23BC-49FC-BD45-8B45C8D85C8E}.Release|x64.Build.0 = Release|x64
		{6B9C5870-23BC-49FC-BD45-8B45C8D85C8E}.Release|x86.ActiveCfg = Release|Win32
		{6B9C5870-23BC-49FC-BD45-8B45C8D85C8E}.Release|x86.Build.0 = Release|Win32
		{26FA0F62-F375-4978-9B91-9AB937E2B5AE}.Debug|x64.ActiveCfg = Debug|x64
		{26FA0F62-F375-4978-9B91-9AB937E2B5AE}.Debug|x64.Build.0 = Debug|x64
		{26FA0F62-F375-4978-9B91-9AB937E2B5AE}.Debug|x86.ActiveCfg = Debug|Win32
		{26FA0F62-F375-4978-9B91-9AB937E2B5AE}.Debug|x86.Build.0 = Debug|Win32
		{26FA0F62-F375-4978-9B91-9AB937E2B5AE}.Release|x64.ActiveCfg = Release|x64
		{26FA0F62-F375-4978-9B91-9AB937E2B5AE}.Release|x64.Build.0 = Release|x64
		{26FA0F62-F375-4978-9B91-9AB937E2B5AE}.Release|x86.ActiveCfg = Release|Win32
		{26FA0F62-F375-4978-9B91-9AB937E2B5AE}.Release|x86.Build.0 = Release|Win32
		{8CFE66E9-FDBA-4C8F-B837-87B2E79AA445}.Debug|x64.ActiveCfg = Debug|x64
		{8CFE66E9-FDBA-4C8F-B837-87B2E79AA445}.Debug|x64.Build.0 = Debug|x64
		{8CFE66E9-FDBA-4C8F-B837-87B2E79AA445}.Debug|x86.ActiveCfg = Debug|Win32
		{8CFE66E9-FDBA-4C8F-B837-87B2E79AA445}.Debug|x86.Build.0 = Debug|Win32
		{8CFE66E9-FDBA-4C8F-B837-87B2E79AA445}.Release|x64.ActiveCfg = Release|x64
		{8CFE66E9-FDBA-4C8F-B837-87B2E79AA445}.Release|x64.Build.0 = Release|x64
		{8CFE66E9-FDBA-4C8F-B837-87B2E79AA445}.Release|x86.ActiveCfg = Release|Win32
		{8CFE66E9-FDBA-4C8F-B837-87B2E79AA445}.Release|x86.Build.0 = Release|Win32
		{2EC8F62F-23BF-4239-9D9F-527D488A05DB}.Debug|x64.ActiveCfg = Debug|x64
		{2EC8F62F-23BF-4239-9D9F-527D488A05DB}.Debug|x64.Build.0 = Debug|x64
		{2EC8F62F-23BF-4239-9D9F-527D488A05DB}.Debug|x86.ActiveCfg = Debug|Win32
		{2EC8F62F-23BF-4239-9D9F-527D488A05DB}.Debug|x86.Build.0 = Debug|Win32
		{2EC8F62F-23BF-4239-9D9F-527D488A05DB}.Release|x64.ActiveCfg = Release|x64
		{2EC8F62F-23BF-4239-9D9F-527D488A05DB}.Release|x64.Build.0 = Release|x64
		{2EC8F62F-23BF-4239-9D9F-527D488A05DB}.Release|x86.ActiveCfg = Release|Win32
		{2EC8F62F-23BF-4239-9D9F-527D488A05DB}.Release|x86.Build.0 = Release|Win32
		{4F01A1E9-58B5-42F2-98E4-E61BFB91017B}.Debug|x64.ActiveCfg = Debug|x64
		{4F01A1E9-58B5-42F2-98E4-E61BFB91017B}.Debug|x64.Build.0 = Debug|x64
		{4F01A1E9-58B5-42F2-98E4-E61BFB91017B}.Debug|x86.ActiveCfg = Debug|Win32
		{4F01A1E9-58B5-42F2-98E4-E61BFB91017B}.Debug|x86.Build.0 = Debug|Win32
		{4F01A1E9-58B5-42F2-98E4-E61BFB91017B}.Release|x64.ActiveCfg = Release|x64
		{4F01A1E9-58B5-42F2-98E4-E61BFB91017B}.Release|x64.Build.0 = Release|x64
		{4F01A1E9-58B5-42F2-98E4-E61BFB91017B}.Release|x86.ActiveCfg = Release|Win32
		{4F01A1E9-58B5-42F2-98E4-E61BFB91017B}.Release|x86.Build.0 = Release|Win32
		{E49BC5B2-9DD5-41FD-AB73-8535ADAEA7B8}.Debug|x64.ActiveCfg = Debug|x64
		{E49BC5B2-9DD5-41FD-AB73-8535ADAEA7B8}.Debug|x64.Build.0 = Debug|x64
		{E49BC5B2-9DD5-41FD-AB73-8535ADAEA7B8}.Debug|x86.ActiveCfg = Debug|Win32
		{E49BC5B2-9DD5-41FD-AB73-8535ADAEA7B8}.Debug|x86.Build.0 = Debug|Win32
		{E49BC5B2-9DD5-41FD-AB73-8535ADAEA7B8}.Release|x64.ActiveCfg = Release|x64
		{E49BC5B2-9DD5-41FD-AB73-8535ADAEA7B8}.Release|x64.Build.0 = Release|x64
		{E49BC5B2-9DD5-41FD-AB73-8535ADAEA7B8}.Release|x86.ActiveCfg = Release|Win32
		{E49BC5B2-9DD5-41FD-AB73-8535ADAEA7B8}.Release|x86.Build.0 = Release|Win32
		{8187BAD7-0268-4FFE-AA1E-E6E02BFDF618}.Debug|x64.ActiveCfg = Debug|x64
		{8187BAD7-0268-4FFE-AA1E-E6E02BFDF618}.Debug|x64.Build.0 = Debug|x64
		{8187BAD7-0268-4FFE-AA1E-E6E02BFDF618}.Debug|x86.ActiveCfg = Debug|Win32
		{8187BAD7-0268-4FFE-AA1E-E6E02BFDF618}.Debug|x86.Build.0 = Debug|Win32
		{8187BAD7-0268-4FFE-AA1E-E6E02BFDF618}.Release|x64.ActiveCfg = Release|x64
		{8187BAD7-0268-4FFE-AA1E-E6E02BFDF618}.Release|x64.Build.0 = Release|x64
		{8187BAD7-0268-4FFE-AA1E-E6E02BFDF618}.Release|x86.ActiveCfg = Release|Win32
		{8187BAD7-0268-4FFE-AA1E-E6E02BFDF618}.Release|x86.Build.0 = Release|Win32
		{19E0B73D-2EC3-4A43-AE2E-51B44656B2EA}.Debug|x64.ActiveCfg = Debug|x64
		{19E0B73D-2EC3-4A43-AE2E-51B44656B2EA}.Debug|x64.Build.0 = Debug|x64
		{19E0B73D-2EC3-4A43-AE2E-51B44656B2EA}.Debug|x86.ActiveCfg = Debug|Win32
		{19E0B73D-2EC3-4A43-AE2E-51B44656B2EA}.Debug|x86.Build.0 = Debug|Win32
		{19E0B73D-2EC3-4A43-AE2E-51B44656B2EA}.Release|x64.ActiveCfg = Release|x64
		{19E0B73D-2EC3-4A43-AE2E-51B44656B2EA}.Release|x64.Build.0 = Release|x64
		{19E0B73D-2EC3-4A43-AE2E-51B44656B2EA}.Release|x86.ActiveCfg = Release|Win32
		{19E0B73D-2EC3-4A43-AE2E-51B44656B2EA}.Release|x86.Build.0 = Release|Win32
		{0D8E2665-9ACE-4ADC-B3D2-6803738D8B46}.Debug|x64.ActiveCfg = Debug|x64
		{0D8E2665-9ACE-4ADC-B3D2-6803738D8B46}.Debug|x64.Build.0 = Debug|x64
		{0D8E2665-9ACE-4ADC-B3D2-6803738D8B46}.Debug|x86.ActiveCfg = Debug|Win32
		{0D8E2665-9ACE-4ADC-B3D2-6803738D8B46}.Debug|x86.Build.0 = Debug|Win32
		{0D8E2665-9ACE-4ADC-B3D2-6803738D8B46}.Release|x64.ActiveCfg = Release|x64
		{0D8E2665-9ACE-4ADC-B3D2-6803738D8B46}.Release|x64.Build.0 = Release|x64
		{0D8E2665-9ACE-4ADC-B3D2-6803738D8B46}.Release|x86.ActiveCfg = Release|Win32
		{0D8E2665-9ACE-4ADC-B3D2-6803738D8B46}.Release|x86.Build.0 = Release|Win32
		{CF0F0F30-6FCF-4DA6-B80A-3D10C07AAC5D}.Debug|x64.ActiveCfg = Debug|x64
		{CF0F0F30-6FCF-4DA6-B80A-3D10C07AAC5D}.Debug|x64.Build.0 = Debug|x64
		{CF0F0F30-6FCF-4DA6-B80A-3D10C07AAC5D}.Debug|x86.ActiveCfg = Debug|Win32
		{CF0F0F30-6FCF-4DA6-B80A-3D10C07AAC5D}.Debug|x86.Build.0 = Debug|Win32
		{CF0F0F30-6FCF-4DA6-B80A-3D10C07AAC5D}.Release|x64.ActiveCfg = Release|x64
		{CF0F0F30-6FCF-4DA6-B80A-3D10C07AAC5D}.Release|x64.Build.0 = Release|x64
		{CF0F0F30-6FCF-4DA6-B80A-3D10C07AAC5D}.Release|x86.ActiveCfg = Release|Win32
		{CF0F0F30-6FCF-4DA6-B80A-3D10C07AAC5D}.Release|x86.Build.0 = Release|Win32
		{8C7A90D8-11B8-4B33-B1C8-64808EA02134}.Debug|x64.ActiveCfg = Debug|x64
		{8C7A90D8-11B8-4B33-B1C8-64808EA02134}.Debug|x64.Build.0 = Debug|x64
		{8C7A90D8-11B8-4B33-B1C8-64808EA02134}.Debug|x86.ActiveCfg = Debug|Win32
		{8C7A90D8-11B8-4B33-B1C8-64808EA02134}.Debug|x86.Build.0 = Debug|Win32
		{8C7A90D8-11B8-4B33-B1C8-64808EA02134}.Release|x64.ActiveCfg = Release|x64
		{8C7A90D8-11B8-4B33-B1C8-64808EA02134}.Release|x64.Build.0 = Release|x64
		{8C7A90D8-11B8-4B33-B1C8-64808EA02134}.Release|x86.ActiveCfg = Release|Win32
		{8C7A90D8-11B8-4B33-B1C8-64808EA02134}.Release|x86.Build.0 = Release|Win32
		{5E9EC1D1-B83B-4274-A89C-2230927F6353}.Debug|x64.ActiveCfg = Debug|x64
		{5E9EC1D1-B83B-4274-A89C-2230927F6353}.Debug|x64.Build.0 = Debug|x64
		{5E9EC1D1-B83B-4274-A89C-2230927F6353}.Debug|x86.ActiveCfg = Debug|Win32
		{5E9EC1D1-B83B-4274-A89C-2230927F6353}.Debug|x86.Build.0 = Debug|Win32
		{5E9EC1D1-B83B-4274-A89C-2230927F6353}.Release|x64.ActiveCfg = Release|x64
		{5E9EC1D1-B83B-4274-A89C-2230927F6353}.Release|x64.Build.0 = Release|x64
		{5E9EC1D1-B83B-4274-A89C-2230927F6353}.Release|x86.ActiveCfg = Release|Win32
		{5E9EC1D1-B83B-4274-A89C-2230927F6353}.Release|x86.Build.0 = Release|Win32
		{DF80367C-EF93-41E7-BE88-A4EEA674F10F}.Debug|x64.ActiveCfg = Debug|x64
		{DF80367C-EF93-41E7-BE88-A4EEA674F10F}.Debug|x64.Build.0 = Debug|x64
		{DF80367C-EF93-41E7-BE88-A4EEA674F10F}.Debug|x86.ActiveCfg = Debug|Win32
		{DF80367C-EF93-41E7-BE88-A4EEA674F10F}.Debug|x86.Build.0 = Debug|Win32
		{DF80367C-EF93-41E7-BE88-A4EEA674F10F}.Release|x64.ActiveCfg = Release|x64
		{DF80367C-EF93-41E7-BE88-A4EEA674F10F}.Release|x64.Build.0 = Release|x64
		{DF80367C-EF93-41E7-BE88-A4EEA674F10F}.Release|x86.ActiveCfg = Release|Win32
		{DF80367C-EF93-41E7-BE88-A4EEA674F10F}.Release|x86.Build.0 = Release|Win32
		{A3F56A42-B81F-4CB2-9ADC-34AE96495D48}.Debug|x64.ActiveCfg = Debug|x64
		{A3F56A42-B81F-4CB2-9ADC-34AE96495D48}.Debug|x64.Build.0 = Debug|x64
		{A3F56A42-B81F-4CB2-9ADC-34AE96495D48}.Debug|x86.ActiveCfg = Debug|Win32
		{A3F56A42-B81F-4CB2-9ADC-34AE96495D48}.Debug|x86.Build.0 = Debug|Win32
		{A3F56A42-B81F-4CB2-9ADC-34AE96495D48}.Release|x64.ActiveCfg = Release|x64
		{A3F56A42-B81F-4CB2-9ADC-34AE96495D48}.Release|x64.Build.0 = Release|x64
		{A3F56A42-B81F-4CB2-9ADC-34AE96495D48}.Release|x86.ActiveCfg = Release|Win32
		{A3F56A42-B81F-4CB2-9ADC-34AE96495D48}.Release|x86.Build.0 = Release|Win32
		{5F1DB546-FD06-4180-8843-8ECA44D623B4}.Debug|x64.ActiveCfg = Debug|x64
		{5F1DB546-FD06-4180-8843-8ECA44D623B4}.Debug|x64.Build.0 = Debug|x64
		{5F1DB546-FD06-4180-8843-8ECA44D623B4}.Debug|x86.ActiveCfg = Debug|Win32
		{5F1DB546-FD06-4180-8843-8ECA44D623B4}.Debug|x86.Build.0 = Debug|Win32
		{5F1DB546-FD06-4180-8843-8ECA44D623B4}.Release|x64.ActiveCfg = Release|x64
		{5F1DB546-FD06-4180-8843-8ECA44D623B4}.Release|x64.Build.0 = Release|x64
		{5F1DB546-FD06-4180-8843-8ECA44D623B4}.Release|x86.ActiveCfg = Release|Win32
		{5F1DB546-FD06-4180-8843-8ECA44D623B4}.Release|x86.Build.0 = Release|Win32
		{C3F7B60E-7BA8-498E-AD52-AB9CE294B08B}.Debug|x64.ActiveCfg = Debug|x64
		{C3F7B60E-7BA8-498E-AD52-AB9CE294B08B}.Debug|x64.Build.0 = Debug|x64
		{C3F7B60E-7BA8-498E-AD52-AB9CE294B08B}.Debug|x86.ActiveCfg = Debug|Win32
		{C3F7B60E-7BA8-498E-AD52-AB9CE294B08B}.Debug|x86.Build.0 = Debug|Win32
		{C3F7B60E-7BA8-498E-AD52-AB9CE294B08B}.Release|x64.ActiveCfg = Release|x64
		{C3F7B60E-7BA8-498E-AD52-AB9CE294B08B}.Release|x64.Build.0 = Release|x64
		{C3F7B60E-7BA8-498E-AD52-AB9CE294B08B}.Release|x86.ActiveCfg = Release|Win32
		{C3F7B60E-7BA8-498E-AD52-AB9CE294B08B}.Release|x86.Build.0 = Release|Win32
		{B4F8F625-C7AD-4364-A6F8-42B4F4BF3764}.Debug|x64.ActiveCfg = Debug|x64
		{B4F8F625-C7AD-4364-A6F8-42B4F4BF3764}.Debug|x64.Build.0 = Debug|x64
		{B4F8F625-C7AD-4364-A6F8-42B4F4BF3764}.Debug|x86.ActiveCfg = Debug|Win32
		{B4F8F625-C7AD-4364-A6F8-42B4F4BF3764}.Debug|x86.Build.0 = Debug|Win32
		{B4F8F625-C7AD-4364-A6F8-42B4F4BF3764}.Release|x64.ActiveCfg = Release|x64
		{B4F8F625-C7AD-4364-A6F8-42B4F4BF3764}.Release|x64.Build.0 = Release|x64
		{B4F8F625-C7AD-4364-A6F8-42B4F4BF3764}.Release|x86.ActiveCfg = Release|Win32
		{B4F8F625-C7AD-4364-A6F8-42B4F4BF3764}.Release|x86.Build.0 = Release|Win32
		{80927808-39D3-442C-8920-95EBD5EDB688}.Debug|x64.ActiveCfg = Debug|x64
		{80927808-39D3-442C-8920-95EBD5EDB688}.Debug|x64.Build.0 = Debug|x64
		{80927808-39D3-442C-8920-95EBD5EDB688}.Debug|x86.ActiveCfg = Debug|Win32
		{80927808-39D3-442C-8920-95EBD5EDB688}.Debug|x86.Build.0 = Debug|Win32
		{80927808-39D3-442C-8920-95EBD5EDB688}.Release|x64.ActiveCfg = Release|x64
		{80927808-39D3-442C-8920-95EBD5EDB688}.Release|x64.Build.0 = Release|x64
		{80927808-39D3-442C-8920-95EBD5EDB688}.Release|x86.ActiveCfg = Release|Win32
		{80927808-39D3-442C-8920-95EBD5EDB688}.Release|x86.Build.0 = Release|Win32
		{0746FAD7-651E-48A3-8039-F87E2DD0E1DA}.Debug|x64.ActiveCfg = Debug|x64
		{0746FAD7-651E-48A3-8039-F87E2DD0E1DA}.Debug|x64.Build.0 = Debug|x64
		{0746FAD7-651E-48A3-8039-F87E2DD0E1DA}.Debug|x86.ActiveCfg = Debug|Win32
		{0746FAD7-651E-48A3-8039-F87E2DD0E1DA}.Debug|x86.Build.0 = Debug|Win32
		{0746FAD7-651E-48A3-8039-F87E2DD0E1DA}.Release|x64.ActiveCfg = Release|x64
		{0746FAD7-651E-48A3-8039-F87E2DD0E1DA}.Release|x64.Build.0 = Release|x64
		{0746FAD7-651E-48A3-8039-F87E2DD0E1DA}.Release|x86.ActiveCfg = Release|Win32
		{0746FAD7-651E-48A3-8039-F87E2DD0E1DA}.Release|x86.Build.0 = Release|Win32
		{32ECD5B2-8F71-42B1-AB64-23F6F4037B23}.Debug|x64.ActiveCfg = Debug|x64
		{32ECD5B2-8F71-42B1-AB64-23F6F4037B23}.Debug|x64.Build.0 = Debug|x64
		{32ECD5B2-8F71-42B1-AB64-23F6F4037B23}.Debug|x86.ActiveCfg = Debug|Win32
		{32ECD5B2-8F71-42B1-AB64-23F6F4037B23}.Debug|x86.Build.0 = Debug|Win32
		{32ECD5B2-8F71-42B1-AB64-23F6F4037B23}.Release|x64.ActiveCfg = Release|x64
		{32ECD5B2-8F71-42B1-AB64-23F6F4037B23}.Release|x64.Build.0 = Release|x64
		{32ECD5B2-8F71-42B1-AB64-23F6F4037B23}.Release|x86.ActiveCfg = Release|Win32
		{32ECD5B2-8F71-42B1-AB64-23F6F4037B23}.Release|x86.Build.0 = Release|Win32
		{30D0235F-FE79-4FE3-BE4B-9EE22ADE1CC2}.Debug|x64.ActiveCfg = Debug|x64
		{30D0235F-FE79-4FE3-BE4B-9EE22ADE1CC2}.Debug|x64.Build.0 = Debug|x64
		{30D0235F-FE79-4FE3-BE4B-9EE22ADE1CC2}.Debug|x86.ActiveCfg = Debug|Win32
		{30D0235F-FE79-4FE3-BE4B-9EE22ADE1CC2}.Debug|x86.Build.0 = Debug|Win32
		{30D0235F-FE79-4FE3-BE4B-9EE22ADE1CC2}.Release|x64.ActiveCfg = Release|x64
		{30D0235F-FE79-4FE3-BE4B-9EE22ADE1CC2}.Release|x64.Build.0 = Release|x64
		{30D0235F-FE79-4FE3-BE4B-9EE22ADE1CC2}.Release|x86.ActiveCfg = Release|Win32
		{30D0235F-FE79-4FE3-BE4B-9EE22ADE1CC2}.Release|x86.Build.0 = Release|Win32
		{CBF3777B-38DC-4037-8038-950FA95B9C5F}.Debug|x64.ActiveCfg = Debug|x64
		{CBF3777B-38DC-4037-8038-950FA95B9C5F}.Debug|x64.Build.0 = Debug|x64
		{CBF3777B-38DC-4037-8038-950FA95B9C5F}.Debug|x86.ActiveCfg = Debug|Win32
		{CBF3777B-38DC-4037-8038-950FA95B9C5F}.Debug|x86.Build.0 = Debug|Win32
		{CBF3777B-38DC-4037-8038-950FA95B9C5F}.Release|x64.ActiveCfg = Release|x64
		{CBF3777B-38DC-4037-8038-950FA95B9C5F}.Release|x64.Build.0 = Release|x64
		{CBF3777B-38DC-4037-8038-950FA95B9C5F}.Release|x86.ActiveCfg = Release|Win32
		{CBF3777B-38DC-4037-8038-950FA95B9C5F}.Release|x86.Build.0 = Release|Win32
		{EC1EAA80-9225-4B70-A45C-0701DC323AC6}.Debug|x64.ActiveCfg = Debug|x64
		{EC1EAA80-9225-4B70-A45C-0701DC323AC6}.Debug|x64.Build.0 = Debug|x64
		{EC1EAA80-9225-4B70-A45C-0701DC323AC6}.Debug|x86.ActiveCfg = Debug|Win32
		{EC1EAA80-9225-4B70-A45C-0701DC323AC6}.Debug|x86.Build.0 = Debug|Win32
		{EC1EAA80-9225-4B70-A45C-0701DC323AC6}.Release|x64.ActiveCfg = Release|x64
		{EC1EAA80-9225-4B70-A45C-0701DC323AC6}.Release|x64.Build.0 = Release|x64
		{EC1EAA80-9225-4B70-A45C-0701DC323AC6}.Release|x86.ActiveCfg = Release|Win32
		{EC1EAA80-9225-4B70-A45C-0701DC323AC6}.Release|x86.Build.0 = Release|Win32
		{4D58E6BB-C2A3-4409-AB60-39E9E8928FB8}.Debug|x64.ActiveCfg = Debug|x64
		{4D58E6BB-C2A3-4409-AB60-39E9E8928FB8}.Debug|x64.Build.0 = Debug|x64
		{4D58E6BB-C2A3-4409-AB60-39E9E8928FB8}.Debug|x86.ActiveCfg = Debug|Win32
		{4D58E6BB-C2A3-4409-AB60-39E9E8928FB8}.Debug|x86.Build.0 = Debug|Win32
		{4D58E6BB-C2A3-4409-AB60-39E9E8928FB8}.Release|x64.ActiveCfg = Release|x64
		{4D58E6BB-C2A3-4409-AB60-39E9E8928FB8}.Release|x64.Build.0 = Release|x64
		{4D58E6BB-C2A3-4409-AB60-39E9E8928FB8}.Release|x86.ActiveCfg = Release|Win32
		{4D58E6BB-C2A3-4409-AB60-39E9E8928FB8}.Release|x86.Build.0 = Release|Win32
		{D8063BEB-7246-4691-B139-D050A9661E9D}.Debug|x64.ActiveCfg = Debug|x64
		{D8063BEB-7246-4691-B139-D050A9661E9D}.Debug|x64.Build.0 = Debug|x64
		{D8063BEB-7246-4691-B139-D050A9661E9D}.Debug|x86.ActiveCfg = Debug|Win32
		{D8063BEB-7246-4691-B139-D050A9661E9D}.Debug|x86.Build.0 = Debug|Win32
		{D8063BEB-7246-4691-B139-D050A9661E9D}.Release|x64.ActiveCfg = Release|x64
		{D8063BEB-7246-4691-B139-D050A9661E9D}.Release|x64.Build.0 = Release|x64
		{D8063BEB-7246-4691-B139-D050A9661E9D}.Release|x86.ActiveCfg = Release|Win32
		{D8063BEB-7246-4691-B139-D050A9661E9D}.Release|x86.Build.0 = Release|Win32
		{D8F06FE0-050D-4C92-AE18-A107EA9E76F3}.Debug|x64.ActiveCfg = Debug|x64
		{D8F06FE0-050D-4C92-AE18-A107EA9E76F3}.Debug|x64.Build.0 = Debug|x64
		{D8F06FE0-050D-4C92-AE18-A107EA9E76F3}.Debug|x86.ActiveCfg = Debug|Win32
		{D8F06FE0-050D-4C92-AE18-A107EA9E76F3}.Debug|x86.Build.0 = Debug|Win32
		{D8F06FE0-050D-4C92-AE18-A107EA9E76F3}.Release|x64.ActiveCfg = Release|x64
		{D8F06FE0-050D-4C92-AE18-A107EA9E76F3}.Release|x64.Build.0 = Release|x64
		{D8F06FE0-050D-4C92-AE18-A107EA9E76F3}.Release|x86.ActiveCfg = Release|Win32
		{D8F06FE0-050D-4C92-AE18-A107EA9E76F3}.Release|x86.Build.0 = Release|Win32
		{6350568B-8C01-465A-B27F-E47605387509}.Debug|x64.ActiveCfg = Debug|x64
		{6350568B-8C01-465A-B27F-E47605387509}.Debug|x64.Build.0 = Debug|x64
		{6350568B-8C01-465A-B27F-E47605387509}.Debug|x86.ActiveCfg = Debug|Win32
		{6350568B-8C01-465A-B27F-E47605387509}.Debug|x86.Build.0 = Debug|Win32
		{6350568B-8C01-465A-B27F-E47605387509}.Release|x64.ActiveCfg = Release|x64
		{6350568B-8C01-465A-B27F-E47605387509}.Release|x64.Build.0 = Release|x64
		{6350568B-8C01-465A-B27F-E47605387509}.Release|x86.ActiveCfg = Release|Win32
		{6350568B-8C01-465A-B27F-E47605387509}.Release|x86.Build.0 = Release|Win32
		{FC11E9B2-5D1A-446B-AA7E-DF62ADBF0149}.Debug|x64.ActiveCfg = Debug|x64
		{FC11E9B2-5D1A-446B-AA7E-DF62ADBF0149}.Debug|x64.Build.0 = Debug|x64
		{FC11E9B2-5D1A-446B-AA7E-DF62ADBF0149}.Debug|x86.ActiveCfg = Debug|Win32
		{FC11E9B2-5D1A-446B-AA7E-DF62ADBF0149}.Debug|x86.Build.0 = Debug|Win32
		{FC11E9B2-5D1A-446B-AA7E-DF62ADBF0149}.Release|x64.ActiveCfg = Release|x64
		{FC11E9B2-5D1A-446B-AA7E-DF62ADBF0149}.Release|x64.Build.0 = Release|x64
		{FC11E9B2-5D1A-446B-AA7E-DF62ADBF0149}.Release|x86.ActiveCfg = Release|Win32
		{FC11E9B2-5D1A-446B-AA7E-DF62ADBF0149}.Release|x86.Build.0 = Release|Win32
		{E9D8CA30-9281-4658-828E-5867ECBC0490}.Debug|x64.ActiveCfg = Debug|x64
		{E9D8CA30-9281-4658-828E-5867ECBC0490}.Debug|x64.Build.0 = Debug|x64
		{E9D8CA30-9281-4658-828E-5867ECBC0490}.Debug|x86.ActiveCfg = Debug|Win32
		{E9D8CA30-9281-4658-828E-5867ECBC0490}.Debug|x86.Build.0 = Debug|Win32
		{E9D8CA30-9281-4658-828E-5867ECBC0490}.Release|x64.ActiveCfg = Release|x64
		{E9D8CA30-9281-4658-828E-5867ECBC0490}.Release|x64.Build.0 = Release|x64
		{E9D8CA30-9281-4658-828E-5867ECBC0490}.Release|x86.ActiveCfg = Release|Win32
		{E9D8CA30-9281-4658-828E-5867ECBC0490}.Release|x86.Build.0 = Release|Win32
		{06437058-6B30-4209-A6C1-1EAB52033474}.Debug|x64.ActiveCfg = Debug|x64
		{06437058-6B30-4209-A6C1-1EAB52033474}.Debug|x64.Build.0 = Debug|x64
		{06437058-6B30-4209-A6C1-1EAB52033474}.Debug|x86.ActiveCfg = Debug|Win32
		{06437058-6B30-4209-A6C1-1EAB52033474}.Debug|x86.Build.0 = Debug|Win32
		{06437058-6B30-4209-A6C1-1EAB52033474}.Release|x64.ActiveCfg = Release|x64
		{06437058-6B30-4209-A6C1-1EAB52033474}.Release|x64.Build.0 = Release|x64
		{06437058-6B30-4209-A6C1-1EAB52033474}.Release|x86.ActiveCfg = Release|Win32
		{06437058-6B30-4209-A6C1-1EAB52033474}.Release|x86.Build.0 = Release|Win32
		{6AF19F5C-134C-479A-81B2-956CD6FDAC80}.Debug|x64.ActiveCfg = Debug|x64
		{6AF19F5C-134C-479A-81B2-956CD6FDAC80}.Debug|x64.Build.0 = Debug|x64
		{6AF19F5C-134C-479A-81B2-956CD6FDAC80}.Debug|x86.ActiveCfg = Debug|Win32
		{6AF19F5C-134C-479A-81B2-956CD6FDAC80}.Debug|x86.Build.0 = Debug|Win32
		{6AF19F5C-134C-479A-81B2-956CD6FDAC80}.Release|x64.ActiveCfg = Release|x64
		{6AF19F5C-134C-479A-81B2-956CD6FDAC80}.Release|x64.Build.0 = Release|x64
		{6AF19F5C-134C-479A-81B2-956CD6FDAC80}.Release|x86.ActiveCfg = Release|Win32
		{6AF19F5C-134C-479A-81B2-956CD6FDAC80}.Release|x86.Build.0 = Release|Win32
		{49C52BBB-034E-4204-AA48-E1A7F31BC399}.Debug|x64.ActiveCfg = Debug|x64
		{49C52BBB-034E-4204-AA48-E1A7F31BC399}.Debug|x64.Build.0 = Debug|x64
		{49C52BBB-034E-4204-AA48-E1A7F31BC399}.Debug|x86.ActiveCfg = Debug|Win32
		{49C52BBB-034E-4204-AA48-E1A7F31BC399}.Debug|x86.Build.0 = Debug|Win32
		{49C52BBB-034E-4204-AA48-E1A7F31BC399}.Release|x64.ActiveCfg = Release|x64
		{49C52BBB-034E-4204-AA48-E1A7F31BC399}.Release|x64.Build.0 = Release|x64
		{49C52BBB-034E-4204-AA48-E1A7F31BC399}.Release|x86.ActiveCfg = Release|Win32
		{49C52BBB-034E-4204-AA48-E1A7F31BC399}.Release|x86.Build.0 = Release|Win32
		{2FCEB73B-CE41-4E2A-8F74-7DF197A0391E}.Debug|x64.ActiveCfg = Debug|x64
		{2FCEB73B-CE41-4E2A-8F74-7DF197A0391E}.Debug|x64.Build.0 = Debug|x64
		{2FCEB73B-CE41-4E2A-8F74-7DF197A0391E}.Debug|x86.ActiveCfg = Debug|Win32
		{2FCEB73B-CE41-4E2A-8F74-7DF197A0391E}.Debug|x86.Build.0 = Debug|Win32
		{2FCEB73B-CE41-4E2A-8F74-7DF197A0391E}.Release|x64.ActiveCfg = Release|x64
		{2FCEB73B-CE41-4E2A-8F74-7DF197A0391E}.Release|x64.Build.0 = Release|x64
		{2FCEB73B-CE41-4E2A-8F74-7DF197A0391E}.Release|x86.ActiveCfg = Release|Win32
		{2FCEB73B-CE41-4E2A-8F74-7DF197A0391E}.Release|x86.Build.0 = Release|Win32
		{7AD88A89-E4D1-42F6-81A6-8D3BD121E3C8}.Debug|x64.ActiveCfg = Debug|x64
		{7AD88A89-E4D1-42F6-81A6-8D3BD121E3C8}.Debug|x64.Build.0 = Debug|x64
		{7AD88A89-E4D1-42F6-81A6-8D3BD121E3C8}.Debug|x86.ActiveCfg = Debug|Win32
		{7AD88A89-E4D1-42F6-81A6-8D3BD121E3C8}.Debug|x86.Build.0 = Debug|Win32
		{7AD88A89-E4D1-42F6-81A6-8D3BD121E3C8}.Release|x64.ActiveCfg = Release|x64
		{7AD88A89-E4D1-42F6-81A6-8D3BD121E3C8}.Release|x64.Build.0 = Release|x64
		{7AD88A89-E4D1-42F6-81A6-8D3BD121E3C8}.Release|x86.ActiveCfg = Release|Win32
		{7AD88A89-E4D1-42F6-81A6-8D3BD121E3C8}.Release|x86.Build.0 = Release|Win32
		{A49A81FB-7E31-47C8-8DBA-41274A35A668}.Debug|x64.ActiveCfg = Debug|x64
		{A49A81FB-7E31-47C8-8DBA-41274A35A668}.Debug|x64.Build.0 = Debug|x64
		{A49A81FB-7E31-47C8-8DBA-41274A35A668}.Debug|x86.ActiveCfg = Debug|Win32
		{A49A81FB-7E31-47C8-8DBA-41274A35A668}.Debug|x86.Build.0 = Debug|Win32
		{A49A81FB-7E31-47C8-8DBA-41274A35A668}.Release|x64.ActiveCfg = Release|x64
		{A49A81FB-7E31-47C8-8DBA-41274A35A668}.Release|x64.Build.0 = Release|x64
		{A49A81FB-7E31-47C8-8DBA-41274A35A668}.Release|x86.ActiveCfg = Release|Win32
		{A49A81FB-7E31-47C8-8DBA-41274A35A668}.Release|x86.Build.0 = Release|Win32
		{94118D83-C816-4A28-8EAD-0B4667E76448}.Debug|x64.ActiveCfg = Debug|x64
		{94118D83-C816-4A28-8EAD-0B4667E76448}.Debug|x64.Build.0 = Debug|x64
		{94118D83-C816-4A28-8EAD-0B4667E76448}.Debug|x86.ActiveCfg = Debug|Win32
		{94118D83-C816-4A28-8EAD-0B4667E76448}.Debug|x86.Build.0 = Debug|Win32
		{94118D83-C816-4A28-8EAD-0B4667E76448}.Release|x64.ActiveCfg = Release|x64
		{94118D83-C816-4A28-8EAD-0B4667E76448}.Release|x64.Build.0 = Release|x64
		{94118D83-C816-4A28-8EAD-0B4667E76448}.Release|x86.ActiveCfg = Release|Win32
		{94118D83-C816-4A28-8EAD-0B4667E76448}.Release|x86.Build.0 = Release|Win32
		{59FF1AAC-AC6E-4388-AB24-7C4E8B7BD492}.Debug|x64.ActiveCfg = Debug|x64
		{59FF1AAC-AC6E-4388-AB24-7C4E8B7BD492}.Debug|x64.Build.0 = Debug|x64
		{59FF1AAC-AC6E-4388-AB24-7C4E8B7BD492}.Debug|x86.ActiveCfg = Debug|Win32
		{59FF1AAC-AC6E-4388-AB24-7C4E8B7BD492}.Debug|x86.Build.0 = Debug|Win32
		{59FF1AAC-AC6E-4388-AB24-7C4E8B7BD492}.Release|x64.ActiveCfg = Release|x64
		{59FF1AAC-AC6E-4388-AB24-7C4E8B7BD492}.Release|x64.Build.0 = Release|x64
		{59FF1AAC-AC6E-4388-AB24-7C4E8B7BD492}.Release|x86.ActiveCfg = Release|Win32
		{59FF1AAC-AC6E-4388-AB24-7C4E8B7BD492}.Release|x86.Build.0 = Release|Win32
		{AD12CFCE-E0D9-4824-86A6-84740AD73DA8}.Debug|x64.ActiveCfg = Debug|x64
		{AD12CFCE-E0D9-4824-86A6-84740AD73DA8}.Debug|x64.Build.0 = Debug|x64
		{AD12CFCE-E0D9-4824-86A6-84740AD73DA8}.Debug|x86.ActiveCfg = Debug|Win32
		{AD12CFCE-E0D9-4824-86A6-84740AD73DA8}.Debug|x86.Build.0 = Debug|Win32
		{AD12CFCE-E0D9-4824-86A6-84740AD73DA8}.Release|x64.ActiveCfg = Release|x64
		{AD12CFCE-E0D9-4824-86A6-84740AD73DA8}.Release|x64.Build.0 = Release|x64
		{AD12CFCE-E0D9-4824-86A6-84740AD73DA8}.Release|x86.ActiveCfg = Release|Win32
		{AD12CFCE-E0D9-4824-86A6-84740AD73DA8}.Release|x86.Build.0 = Release|Win32
		{6580385D-4C67-4E90-B321-61E42014743E}.Debug|x64.ActiveCfg = Debug|x64
		{6580385D-4C67-4E90-B321-61E42014743E}.Debug|x64.Build.0 = Debug|x64
		{6580385D-4C67-4E90-B321-61E42014743E}.Debug|x86.ActiveCfg = Debug|Win32
		{6580385D-4C67-4E90-B321-61E42014743E}.Debug|x86.Build.0 = Debug|Win32
		{6580385D-4C67-4E90-B321-61E42014743E}.Release|x64.ActiveCfg = Release|x64
		{6580385D-4C67-4E90-B321-61E42014743E}.Release|x64.Build.0 = Release|x64
		{6580385D-4C67-4E90-B321-61E42014743E}.Release|x86.ActiveCfg = Release|Win32
		{6580385D-4C67-4E90-B321-61E42014743E}.Release|x86.Build.0 = Release|Win32
		{1526192B-B681-4552-8E84-13E46182EA3D}.Debug|x64.ActiveCfg = Debug|x64
		{1526192B-B681-4552-8E84-13E46182EA3D}.Debug|x64.Build.0 = Debug|x64
		{1526192B-B681-4552-8E84-13E46182EA3D}.Debug|x86.ActiveCfg = Debug|Win32
		{1526192B-B681-4552-8E84-13E46182EA3D}.Debug|x86.Build.0 = Debug|Win32
		{1526192B-B681-4552-8E84-13E46182EA3D}.Release|x64.ActiveCfg = Release|x64
		{1526192B-B681-4552-8E84-13E46182EA3D}.Release|x64.Build.0 = Release|x64
		{1526192B-B681-4552-8E84-13E46182EA3D}.Release|x86.ActiveCfg = Release|Win32
		{1526192B-B681-4552-8E84-13E46182EA3D}.Release|x86.Build.0 = Release|Win32
		{B93919F9-A42B-4FF0-B02B-4801E0A11D44}.Debug|x64.ActiveCfg = Debug|x64
		{B93919F9-A42B-4FF0-B02B-4801E0A11D44}.Debug|x64.Build.0 = Debug|x64
		{B93919F9-A42B-4FF0-B02B-4801E0A11D44}.Debug|x86.ActiveCfg = Debug|Win32
		{B93919F9-A42B-4FF0-B02B-4801E0A11D44}.Debug|x86.Build.0 = Debug|Win32
		{B93919F9-A42B-4FF0-B02B-4801E0A11D44}.Release|x64.ActiveCfg = Release|x64
		{B93919F9-A42B-4FF0-B02B-4801E0A11D44}.Release|x64.Build.0 = Release|x64
		{B93919F9-A42B-4FF0-B02B-4801E0A11D44}.Release|x86.ActiveCfg = Release|Win32
		{B93919F9-A42B-4FF0-B02B-4801E0A11D44}.Release|x86.Build.0 = Release|Win32
		{CF75B489-966C-43B8-B8DE-5C48D46A9891}.Debug|x64.ActiveCfg = Debug|x64
		{CF75B489-966C-43B8-B8DE-5C48D46A9891}.Debug|x64.Build.0 = Debug|x64
		{CF75B489-966C-43B8-B8DE-5C48D46A9891}.Debug|x86.ActiveCfg = Debug|Win32
		{CF75B489-966C-43B8-B8DE-5C48D46A9891}.Debug|x86.Build.0 = Debug|Win32
		{CF75B489-966C-43B8-B8DE-5C48D46A9891}.Release|x64.ActiveCfg = Release|x64
		{CF75B489-966C-43B8-B8DE-5C48D46A9891}.Release|x64.Build.0 = Release|x64
		{CF75B489-966C-43B8-B8DE-5C48D46A9891}.Release|x86.ActiveCfg = Release|Win32
		{CF75B489-966C-43B8-B8DE-5C48D46A9891}.Release|x86.Build.0 = Release|Win32
		{A62276A1-55F8-4C9D-8F64-84B029C4378C}.Debug|x64.ActiveCfg = Debug|x64
		{A62276A1-55F8-4C9D-8F64-84B029C4378C}.Debug|x64.Build.0 = Debug|x64
		{A62276A1-55F8-4C9D-8F64-84B029C4378C}.Debug|x86.ActiveCfg = Debug|Win32
		{A62276A1-55F8-4C9D-8F64-84B029C4378C}.Debug|x86.Build.0 = Debug|Win32
		{A62276A1-55F8-4C9D-8F64-84B029C4378C}.Release|x64.ActiveCfg = Release|x64
		{A62276A1-55F8-4C9D-8F64-84B029C4378C}.Release|x64.Build.0 = Release|x64
		{A62276A1-55F8-4C9D-8F64-84B029C4378C}.Release|x86.ActiveCfg = Release|Win32
		{A62276A1-55F8-4C9D-8F64-84B029C4378C}.Release|x86.Build.0 = Release|Win32
		{7BB6E599-A2C1-479C-8BED-D12657C494E1}.Debug|x64.ActiveCfg = Debug|x64
		{7BB6E599-A2C1-479C-8BED-D12657C494E1}.Debug|x64.Build.0 = Debug|x64
		{7BB6E599-A2C1-479C-8BED-D12657C494E1}.Debug|x86.ActiveCfg = Debug|Win32
		{7BB6E599-A2C1-479C-8BED-D12657C494E1}.Debug|x86.Build.0 = Debug|Win32
		{7BB6E599-A2C1-479C-8BED-D12657C494E1}.Release|x64.ActiveCfg = Release|x64
		{7BB6E599-A2C1-479C-8BED-D12657C494E1}.Release|x64.Build.0 = Release|x64
		{7BB6E599-A2C1-479C-8BED-D12657C494E1}.Release|x86.ActiveCfg = Release|Win32
		{7BB6E599-A2C1-479C-8BED-D12657C494E1}.Release|x86.Build.0 = Release|Win32
		{FE824629-7FC5-424A-9AC3-29E336EABBFA}.Debug|x64.ActiveCfg = Debug|x64
		{FE824629-7FC5-424A-9AC3-29E336EABBFA}.Debug|x64.Build.0 = Debug|x64
		{FE824629-7FC5-424A-9AC3-29E336EABBFA}.Debug|x86.ActiveCfg = Debug|Win32
		{FE824629-7FC5-424A-9AC3-29E336EABBFA}.Debug|x86.Build.0 = Debug|Win32
		{FE824629-7FC5-424A-9AC3-29E336EABBFA}.Release|x64.ActiveCfg = Release|x64
		{FE824629-7FC5-424A-9AC3-29E336EABBFA}.Release|x64.Build.0 = Release|x64
		{FE824629-7FC5-424A-9AC3-29E336EABBFA}.Release|x86.ActiveCfg = Release|Win32
		{FE824629-7FC5-424A-9AC3-29E336EABBFA}.Release|x86.Build.0 = Release|Win32
		{B8D17FE9-DB9D-48D8-A05D-0692F7B64525}.Debug|x64.ActiveCfg = Debug|x64
		{B8D17FE9-DB9D-48D8-A05D-0692F7B64525}.Debug|x64.Build.0 = Debug|x64
		{B8D17FE9-DB9D-48D8-A05D-0692F7B64525}.Debug|x86.ActiveCfg = Debug|Win32
		{B8D17FE9-DB9D-48D8-A05D-0692F7B64525}.Debug|x86.Build.0 = Debug|Win32
		{B8D17FE9-DB9D-48D8-A05D-0692F7B64525}.Release|x64.ActiveCfg = Release|x64
		{B8D17FE9-DB9D-48D8-A05D-0692F7B64525}.Release|x64.Build.0 = Release|x64
		{B8D17FE9-DB9D-48D8-A05D-0692F7B64525}.Release|x86.ActiveCfg = Release|Win32
		{B8D17FE9-DB9D-48D8-A05D-0692F7B64525}.Release|x86.Build.0 = Release|Win32
		{2E41DB73-3946-46CA-82AB-45EC8C0AE5B8}.Debug|x64.ActiveCfg = Debug|x64
		{2E41DB73-3946-46CA-82AB-45EC8C0AE5B8}.Debug|x64.Build.0 = Debug|x64
		{2E41DB73-3946-46CA-82AB-45EC8C0AE5B8}.Debug|x86.ActiveCfg = Debug|Win32
		{2E41DB73-3946-46CA-82AB-45EC8C0AE5B8}.Debug|x86.Build.0 = Debug|Win32
		{2E41DB73-3946-46CA-82AB-45EC8C0AE5B8}.Release|x64.ActiveCfg = Release|x64
		{2E41DB73-3946-46CA-82AB-45EC8C0AE5B8}.Release|x64.Build.0 = Release|x64
		{2E41DB73-3946-46CA-82AB-45EC8C0AE5B8}.Release|x86.ActiveCfg = Release|Win32
		{2E41DB73-3946-46CA-82AB-45EC8C0AE5B8}.Release|x86.Build.0 = Release|Win32
		{D3E9C291-AFD3-4EF8-9309-3711002E3FF3}.Debug|x64.ActiveCfg = Debug|x64
		{D3E9C291-AFD3-4EF8-9309-3711002E3FF3}.Debug|x64.Build.0 = Debug|x64
		{D3E9C291-AFD3-4EF8-9309-3711002E3FF3}.Debug|x86.ActiveCfg = Debug|Win32
		{D3E9C291-AFD3-4EF8-9309-3711002E3FF3}.Debug|x86.Build.0 = Debug|Win32
		{D3E9C291-AFD3-4EF8-9309-3711002E3FF3}.Release|x64.ActiveCfg = Release|x64
		{D3E9C291-AFD3-4EF8-9309-3711002E3FF3}.Release|x64.Build.0 = Release|x64
		{D3E9C291-AFD3-4EF8-9309-3711002E3FF3}.Release|x86.ActiveCfg = Release|Win32
		{D3E9C291-AFD3-4EF8-9309-3711002E3FF3}.Release|x86.Build.0 = Release|Win32
		{F3E44F98-B7BB-493A-82AA-CA5CAE26B95E}.Debug|x64.ActiveCfg = Debug|x64
		{F3E44F98-B7BB-493A-82AA-CA5CAE26B95E}.Debug|x64.Build.0 = Debug|x64
		{F3E44F98-B7BB-493A-82AA-CA5CAE26B95E}.Debug|x86.ActiveCfg = Debug|Win32
		{F3E44F98-B7BB-493A-82AA-CA5CAE26B95E}.Debug|x86.Build.0 = Debug|Win32
		{F3E44F98-B7BB-493A-82AA-CA5CAE26B95E}.Release|x64.ActiveCfg = Release|x64
		{F3E44F98-B7BB-493A-82AA-CA5CAE26B95E}.Release|x64.Build.0 = Release|x64
		{F3E44F98-B7BB-493A-82AA-CA5CAE26B95E}.Release|x86.ActiveCfg = Release|Win32
		{F3E44F98-B7BB-493A-82AA-CA5CAE26B95E}.Release|x86.Build.0 = Release|Win32
		{66CE2C65-764A-48EF-93A1-AA5E477A5B66}.Debug|x64.ActiveCfg = Debug|x64
		{66CE2C65-764A-48EF-93A1-AA5E477A5B66}.Debug|x64.Build.0 = Debug|x64
		{66CE2C65-764A-48EF-93A1-AA5E477A5B66}.Debug|x86.ActiveCfg = Debug|Win32
		{66CE2C65-764A-48EF-93A1-AA5E477A5B66}.Debug|x86.Build.0 = Debug|Win32
		{66CE2C65-764A-48EF-93A1-AA5E477A5B66}.Release|x64.ActiveCfg = Release|x64
		{66CE2C65-764A-48EF-93A1-AA5E477A5B66}.Release|x64.Build.0 = Release|x64
		{66CE2C65-764A-48EF-93A1-AA5E477A5B66}.Release|x86.ActiveCfg = Release|Win32
		{66CE2C65-764A-48EF-93A1-AA5E477A5B66}.Release|x86.Build.0 = Release|Win32
		{97EA4FE6-E9F3-4A0B-8033-8523158A402C}.Debug|x64.ActiveCfg = Debug|x64
		{97EA4FE6-E9F3-4A0B-8033-8523158A402C}.Debug|x64.Build.0 = Debug|x64
		{97EA4FE6-E9F3-4A0B-8033-8523158A402C}.Debug|x86.ActiveCfg = Debug|Win32
		{97EA4FE6-E9F3-4A0B-8033-8523158A402C}.Debug|x86.Build.0 = Debug|Win32
		{97EA4FE6-E9F3-4A0B-8033-8523158A402C}.Release|x64.ActiveCfg = Release|x64
		{97EA4FE6-E9F3-4A0B-8033-8523158A402C}.Release|x64.Build.0 = Release|x64
		{97EA4FE6-E9F3-4A0B-8033-8523158A402C}.Release|x86.ActiveCfg = Release|Win32
		{97EA4FE6-E9F3-4A0B-8033-8523158A402C}.Release|x86.Build.0 = Release|Win32
		{D88F9999-23CE-4254-B2AC-961744DD68D5}.Debug|x64.ActiveCfg = Debug|x64
		{D88F9999-23CE-4254-B2AC-961744DD68D5}.Debug|x64.Build.0 = Debug|x64
		{D88F9999-23CE-4254-B2AC-961744DD68D5}.Debug|x86.ActiveCfg = Debug|Win32
		{D88F9999-23CE-4254-B2AC-961744DD68D5}.Debug|x86.Build.0 = Debug|Win32
		{D88F9999-23CE-4254-B2AC-961744DD68D5}.Release|x64.ActiveCfg = Release|x64
		{D88F9999-23CE-4254-B2AC-961744DD68D5}.Release|x64.Build.0 = Release|x64
		{D88F9999-23CE-4254-B2AC-961744DD68D5}.Release|x86.ActiveCfg = Release|Win32
		{D88F9999-23CE-4254-B2AC-961744DD68D5}.Release|x86.Build.0 = Release|Win32
		{0BBFCE9D-7C82-4001-93F8-448744CCAC00}.Debug|x64.ActiveCfg = Debug|x64
		{0BBFCE9D-7C82-4001-93F8-448744CCAC00}.Debug|x64.Build.0 = Debug|x64
		{0BBFCE9D-7C82-4001-93F8-448744CCAC00}.Debug|x86.ActiveCfg = Debug|Win32
		{0BBFCE9D-7C82-4001-93F8-448744CCAC00}.Debug|x86.Build.0 = Debug|Win32
		{0BBFCE9D-7C82-4001-93F8-448744CCAC00}.Release|x64.ActiveCfg = Release|x64
		{0BBFCE9D-7C82-4001-93F8-448744CCAC00}.Release|x64.Build.0 = Release|x64
		{0BBFCE9D-7C82-4001-93F8-448744CCAC00}.Release|x86.ActiveCfg = Release|Win32
		{0BBFCE9D-7C82-4001-93F8-448744CCAC00}.Release|x86.Build.0 = Release|Win32
		{6D6C9EFA-823A-4244-BD12-0E34F02B3DD5}.Debug|x64.ActiveCfg = Debug|x64
		{6D6C9EFA-823A-4244-BD12-0E34F02B3DD5}.Debug|x64.Build.0 = Debug|x64
		{6D6C9EFA-823A-4244-BD12-0E34F02B3DD5}.Debug|x86.ActiveCfg = Debug|Win32
		{6D6C9EFA-823A-4244-BD12-0E34F02B3DD5}.Debug|x86.Build.0 = Debug|Win32
		{6D6C9EFA-823A-4244-BD12-0E34F02B3DD5}.Release|x64.ActiveCfg = Release|x64
		{6D6C9EFA-823A-4244-BD12-0E34F02B3DD5}.Release|x64.Build.0 = Release|x64
		{6D6C9EFA-823A-4244-BD12-0E34F02B3DD5}.Release|x86.ActiveCfg = Release|Win32
		{6D6C9EFA-823A-4244-BD12-0E34F02B3DD5}.Release|x86.Build.0 = Release|Win32
		{66245EA4-88FB-4925-B173-FD1A7E374456}.Debug|x64.ActiveCfg = Debug|x64
		{66245EA4-88FB-4925-B173-FD1A7E374456}.Debug|x64.Build.0 = Debug|x64
		{66245EA4-88FB-4925-B173-FD1A7E374456}.Debug|x86.ActiveCfg = Debug|Win32
		{66245EA4-88FB-4925-B173-FD1A7E374456}.Debug|x86.Build.0 = Debug|Win32
		{66245EA4-88FB-4925-B173-FD1A7E374456}.Release|x64.ActiveCfg = Release|x64
		{66245EA4-88FB-4925-B173-FD1A7E374456}.Release|x64.Build.0 = Release|x64
		{66245EA4-88FB-4925-B173-FD1A7E374456}.Release|x86.ActiveCfg = Release|Win32
		{66245EA4-88FB-4925-B173-FD1A7E374456}.Release|x86.Build.0 = Release|Win32
		{CB89D89F-D637-4214-9A6A-59797013F98B}.Debug|x64.ActiveCfg = Debug|x64
		{CB89D89F-D637-4214-9A6A-59797013F98B}.Debug|x64.Build.0 = Debug|x64
		{CB89D89F-D637-4214-9A6A-59797013F98B}.Debug|x86.ActiveCfg = Debug|Win32
		{CB89D89F-D637-4214-9A6A-59797013F98B}.Debug|x86.Build.0 = Debug|Win32
		{CB89D89F-D637-4214-9A6A-59797013F98B}.Release|x64.ActiveCfg = Release|x64
		{CB89D89F-D637-4214-9A6A-59797013F98B}.Release|x64.Build.0 = Release|x64
		{CB89D89F-D637-4214-9A6A-59797013F98B}.Release|x86.ActiveCfg = Release|Win32
		{CB89D89F-D637-4214-9A6A-59797013F98B}.Release|x86.Build.0 = Release|Win32
		{C83C8615-694E-453D-A00E-EFD96898D7FA}.Debug|x64.ActiveCfg = Debug|x64
		{C83C8615-694E-453D-A00E-EFD96898D7FA}.Debug|x64.Build.0 = Debug|x64
		{C83C8615-694E-453D-A00E-EFD96898D7FA}.Debug|x86.ActiveCfg = Debug|Win32
		{C83C8615-694E-453D-A00E-EFD96898D7FA}.Debug|x86.Build.0 = Debug|Win32
		{C83C8615-694E-453D-A00E-EFD96898D7FA}.Release|x64.ActiveCfg = Release|x64
		{C83C8615-694E-453D-A00E-EFD96898D7FA}.Release|x64.Build.0 = Release|x64
		{C83C8615-694E-453D-A00E-EFD96898D7FA}.Release|x86.ActiveCfg = Release|Win32
		{C83C8615-694E-453D-A00E-EFD96898D7FA}.Release|x86.Build.0 = Release|Win32
		{E7027827-9E51-4F88-A432-17D41BF576EE}.Debug|x64.ActiveCfg = Debug|x64
		{E7027827-9E51-4F88-A432-17D41BF576EE}.Debug|x64.Build.0 = Debug|x64
		{E7027827-9E51-4F88-A432-17D41BF576EE}.Debug|x86.ActiveCfg = Debug|Win32
		{E7027827-9E51-4F88-A432-17D41BF576EE}.Debug|x86.Build.0 = Debug|Win32
		{E7027827-9E51-4F88-A432-17D41BF576EE}.Release|x64.ActiveCfg = Release|x64
		{E7027827-9E51-4F88-A432-17D41BF576EE}.Release|x64.Build.0 = Release|x64
		{E7027827-9E51-4F88-A432-17D41BF576EE}.Release|x86.ActiveCfg = Release|Win32
		{E7027827-9E51-4F88-A432-17D41BF576EE}.Release|x86.Build.0 = Release|Win32
		{5D624C29-2548-4C99-BC6E-0F4CFA12F906}.Debug|x64.ActiveCfg = Debug|x64
		{5D624C29-2548-4C99-BC6E-0F4CFA12F906}.Debug|x64.Build.0 = Debug|x64
		{5D624C29-2548-4C99-BC6E-0F4CFA12F906}.Debug|x86.ActiveCfg = Debug|Win32
		{5D624C29-2548-4C99-BC6E-0F4CFA12F906}.Debug|x86.Build.0 = Debug|Win32
		{5D624C29-2548-4C99-BC6E-0F4CFA12F906}.Release|x64.ActiveCfg = Release|x64
		{5D624C29-2548-4C99-BC6E-0F4CFA12F906}.Release|x64.Build.0 = Release|x64
		{5D624C29-2548-4C99-BC6E-0F4CFA12F906}.Release|x86.ActiveCfg = Release|Win32
		{5D624C29-2548-4C99-BC6E-0F4CFA12F906}.Release|x86.Build.0 = Release|Win32
		{89EC63D0-1934-4F00-9937-302432E90E11}.Debug|x64.ActiveCfg = Debug|x64
		{89EC63D0-1934-4F00-9937-302432E90E11}.Debug|x64.Build.0 = Debug|x64
		{89EC63D0-1934-4F00-9937-302432E90E11}.Debug|x86.ActiveCfg = Debug|Win32
		{89EC63D0-1934-4F00-9937-302432E90E11}.Debug|x86.Build.0 = Debug|Win32
		{89EC63D0-1934-4F00-9937-302432E90E11}.Release|x64.ActiveCfg = Release|x64
		{89EC63D0-1934-4F00-9937-302432E90E11}.Release|x64.Build.0 = Release|x64
		{89EC63D0-1934-4F00-9937-302432E90E11}.Release|x86.ActiveCfg = Release|Win32
		{89EC63D0-1934-4F00-9937-302432E90E11}.Release|x86.Build.0 = Release|Win32
		{DE8DEB42-E30C-44F8-8F0B-9CE9FE3BCA86}.Debug|x64.ActiveCfg = Debug|x64
		{DE8DEB42-E30C-44F8-8F0B-9CE9FE3BCA86}.Debug|x64.Build.0 = Debug|x64
		{DE8DEB42-E30C-44F8-8F0B-9CE9FE3BCA86}.Debug|x86.ActiveCfg = Debug|Win32
		{DE8DEB42-E30C-44F8-8F0B-9CE9FE3BCA86}.Debug|x86.Build.0 = Debug|Win32
		{DE8DEB42-E30C-44F8-8F0B-9CE9FE3BCA86}.Release|x64.ActiveCfg = Release|x64
		{DE8DEB42-E30C-44F8-8F0B-9CE9FE3BCA86}.Release|x64.Build.0 = Release|x64
		{DE8DEB42-E30C-44F8-8F0B-9CE9FE3BCA86}.Release|x86.ActiveCfg = Release|Win32
		{DE8DEB42-E30C-44F8-8F0B-9CE9FE3BCA86}.Release|x86.Build.0 = Release|Win32
		{85CD68D5-DF44-4ABC-93DD-E9CFCA1C1F40}.Debug|x64.ActiveCfg = Debug|x64
		{85CD68D5-DF44-4ABC-93DD-E9CFCA1C1F40}.Debug|x64.Build.0 = Debug|x64
		{85CD68D5-DF44-4ABC-93DD-E9CFCA1C1F40}.Debug|x86.ActiveCfg = Debug|Win32
		{85CD68D5-DF44-4ABC-93DD-E9CFCA1C1F40}.Debug|x86.Build.0 = Debug|Win32
		{85CD68D5-DF44-4ABC-93DD-E9CFCA1C1F40}.Release|x64.ActiveCfg = Release|x64
		{85CD68D5-DF44-4ABC-93DD-E9CFCA1C1F40}.Release|x64.Build.0 = Release|x64
		{85CD68D5-DF44-4ABC-93DD-E9CFCA1C1F40}.Release|x86.ActiveCfg = Release|Win32
		{85CD68D5-DF44-4ABC-93DD-E9CFCA1C1F40}.Release|x86.Build.0 = Release|Win32
		{B783EAA6-6B61-4D19-89CB-A90D42E6F4EB}.Debug|x64.ActiveCfg = Debug|x64
		{B783EAA6-6B61-4D19-89CB-A90D42E6F4EB}.Debug|x64.Build.0 = Debug|x64
		{B783EAA6-6B61-4D19-89CB-A90D42E6F4EB}.Debug|x86.ActiveCfg = Debug|Win32
		{B783EAA6-6B61-4D19-89CB-A90D42E6F4EB}.Debug|x86.Build.0 = Debug|Win32
		{B783EAA6-6B61-4D19-89CB-A90D42E6F4EB}.Release|x64.ActiveCfg = Release|x64
		{B783EAA6-6B61-4D19-89CB-A90D42E6F4EB}.Release|x64.Build.0 = Release|x64
		{B783EAA6-6B61-4D19-89CB-A90D42E6F4EB}.Release|x86.ActiveCfg = Release|Win32
		{B783EAA6-6B61-4D19-89CB-A90D42E6F4EB}.Release|x86.Build.0 = Release|Win32
		{8581E5A8-6C3B-4551-9438-62C996E9885C}.Debug|x64.ActiveCfg = Debug|x64
		{8581E5A8-6C3B-4551-9438-62C996E9885C}.Debug|x64.Build.0 = Debug|x64
		{8581E5A8-6C3B-4551-9438-62C996E9885C}.Debug|x86.ActiveCfg = Debug|Win32
		{8581E5A8-6C3B-4551-9438-62C996E9885C}.Debug|x86.Build.0 = Debug|Win32
		{8581E5A8-6C3B-4551-9438-62C996E9885C}.Release|x64.ActiveCfg = Release|x64
		{8581E5A8-6C3B-4551-9438-62C996E9885C}.Release|x64.Build.0 = Release|x64
		{8581E5A8-6C3B-4551-9438-62C996E9885C}.Release|x86.ActiveCfg = Release|Win32
		{8581E5A8-6C3B-4551-9438-62C996E9885C}.Release|x86.Build.0 = Release|Win32
	EndGlobalSection
	GlobalSection(SolutionProperties) = preSolution
		HideSolutionNode = FALSE
	EndGlobalSection
EndGlobal
